{
  "version": 4,
  "terraform_version": "1.9.4",
  "serial": 24,
  "lineage": "0181d512-fb3f-a304-4c4b-95ef8a0c4514",
  "outputs": {},
  "resources": [
    {
      "mode": "data",
      "type": "openstack_dns_zone_v2",
      "name": "rdulinux_zone",
      "provider": "provider[\"registry.terraform.io/terraform-provider-openstack/openstack\"]",
      "instances": [
        {
          "schema_version": 0,
          "attributes": {
            "all_projects": null,
            "attributes": {},
            "created_at": "2024-08-19T04:49:01Z",
            "description": "",
            "email": "openstack@rdulinux.com",
            "id": "6f3b126c-78ce-486c-b5b1-235b376aa854",
            "masters": [],
            "name": "rdulinux.com.",
            "pool_id": "794ccc2c-d751-44fe-b57f-8894c9f5c842",
            "project_id": "e7f72e331ddb4e988f42389e19fb804c",
            "region": "RegionOne",
            "serial": 1724663281,
            "status": "ACTIVE",
            "transferred_at": "0001-01-01T00:00:00Z",
            "ttl": 6000,
            "type": "PRIMARY",
            "updated_at": "2024-08-26T09:08:06Z",
            "version": 204
          },
          "sensitive_attributes": []
        }
      ]
    },
    {
      "mode": "data",
      "type": "openstack_dns_zone_v2",
      "name": "reverse_zone",
      "provider": "provider[\"registry.terraform.io/terraform-provider-openstack/openstack\"]",
      "instances": [
        {
          "schema_version": 0,
          "attributes": {
            "all_projects": null,
            "attributes": {},
            "created_at": "2024-08-19T04:49:01Z",
            "description": "",
            "email": "openstack@rdulinux.com",
            "id": "8dde2647-7d93-4b51-840f-0255306b6652",
            "masters": [],
            "name": "2.168.192.in-addr.arpa.",
            "pool_id": "794ccc2c-d751-44fe-b57f-8894c9f5c842",
            "project_id": "e7f72e331ddb4e988f42389e19fb804c",
            "region": "RegionOne",
            "serial": 1724663289,
            "status": "ACTIVE",
            "transferred_at": "0001-01-01T00:00:00Z",
            "ttl": 6000,
            "type": "PRIMARY",
            "updated_at": "2024-08-26T09:08:14Z",
            "version": 182
          },
          "sensitive_attributes": []
        }
      ]
    },
    {
      "mode": "managed",
      "type": "openstack_compute_floatingip_associate_v2",
      "name": "confluence",
      "provider": "provider[\"registry.terraform.io/terraform-provider-openstack/openstack\"]",
      "instances": [
        {
          "index_key": "vm1",
          "schema_version": 0,
          "attributes": {
            "fixed_ip": "",
            "floating_ip": "192.168.2.107",
            "id": "192.168.2.107/f598d117-33e6-4999-9503-aa15d990d33d/",
            "instance_id": "f598d117-33e6-4999-9503-aa15d990d33d",
            "region": "RegionOne",
            "timeouts": null,
            "wait_until_associated": null
          },
          "sensitive_attributes": [],
          "private": "eyJlMmJmYjczMC1lY2FhLTExZTYtOGY4OC0zNDM2M2JjN2M0YzAiOnsiY3JlYXRlIjo2MDAwMDAwMDAwMDB9fQ==",
          "dependencies": [
            "data.openstack_dns_zone_v2.rdulinux_zone",
            "data.openstack_dns_zone_v2.reverse_zone",
            "openstack_compute_instance_v2.confluence",
            "openstack_compute_secgroup_v2.confluence",
            "openstack_networking_floatingip_v2.confluence"
          ]
        }
      ]
    },
    {
      "mode": "managed",
      "type": "openstack_compute_instance_v2",
      "name": "confluence",
      "provider": "provider[\"registry.terraform.io/terraform-provider-openstack/openstack\"]",
      "instances": [
        {
          "index_key": "vm1",
          "schema_version": 0,
          "attributes": {
            "access_ip_v4": "10.0.1.124",
            "access_ip_v6": "",
            "admin_pass": null,
            "all_metadata": {},
            "all_tags": [],
            "availability_zone": "nova",
            "availability_zone_hints": null,
            "block_device": [],
            "config_drive": null,
            "flavor_id": "3",
            "flavor_name": "m1.medium",
            "floating_ip": null,
            "force_delete": false,
            "id": "f598d117-33e6-4999-9503-aa15d990d33d",
            "image_id": "4292dfde-0431-4764-aedf-e5b04619f607",
            "image_name": "ubuntu2204",
            "key_pair": "confluence",
            "metadata": null,
            "name": "confluence",
            "network": [
              {
                "access_network": false,
                "fixed_ip_v4": "10.0.1.124",
                "fixed_ip_v6": "",
                "floating_ip": "",
                "mac": "fa:16:3e:b4:61:19",
                "name": "private_network",
                "port": "",
                "uuid": "f20966ad-ff15-4d2a-bf53-2eb2944b49ea"
              }
            ],
            "network_mode": null,
            "personality": [],
            "power_state": "active",
            "region": "RegionOne",
            "scheduler_hints": [],
            "security_groups": [
              "confluence"
            ],
            "stop_before_destroy": false,
            "tags": [],
            "timeouts": null,
            "user_data": "c8ea5772cdd0f94533e3812a0dea2af0dc4d41bd",
            "vendor_options": [],
            "volume": []
          },
          "sensitive_attributes": [
            [
              {
                "type": "get_attr",
                "value": "admin_pass"
              }
            ]
          ],
          "private": "eyJlMmJmYjczMC1lY2FhLTExZTYtOGY4OC0zNDM2M2JjN2M0YzAiOnsiY3JlYXRlIjoxODAwMDAwMDAwMDAwLCJkZWxldGUiOjE4MDAwMDAwMDAwMDAsInVwZGF0ZSI6MTgwMDAwMDAwMDAwMH19",
          "dependencies": [
            "data.openstack_dns_zone_v2.rdulinux_zone",
            "data.openstack_dns_zone_v2.reverse_zone",
            "openstack_compute_secgroup_v2.confluence"
          ]
        }
      ]
    },
    {
      "mode": "managed",
      "type": "openstack_compute_keypair_v2",
      "name": "confluence",
      "provider": "provider[\"registry.terraform.io/terraform-provider-openstack/openstack\"]",
      "instances": [
        {
          "schema_version": 0,
          "attributes": {
            "fingerprint": "5f:fd:f6:53:1e:bb:c9:0d:1a:5c:26:76:9b:64:cf:d3",
            "id": "confluence",
            "name": "confluence",
            "private_key": "",
            "public_key": "ssh-rsa AAAAB3NzaC1yc2EAAAADAQABAAABgQDeKV3ps+N2C8VEzWnzhRHohoHik850lqveBrfdI5pVKkOvKjtRs5r43E9YmnNHRewkj/2agq8j9RjWXJs2sS6LRGNc0hplHqFypX3P1VPzbAS1BOiKpSZ6M8SSuqNvOxI6ifVp8WejsLbCUKtQ4upqrpDHZ4qkua/pstlevNrMXI1PEvtZFkJx8JyjNeab9e2wvgTSCnBoDACggulvYd/RncT6ywOtYx3kNdzGKa3B0IQRtnzpM+cidKXDDHq01d5jWiOHOYO1YX0Z1piRY9tqGdUapJwoglpDjz2DcgJKTX+VJBf5gs0FJ/ttLHsla+F0OPkA6p15Iav5goU+vGRjCL14dOwi2/8jxV0vOZzzhSzCwcILabFdbHnk5DslyMHUng+zFOI52wCMSHYBjUEg5GE67e0Dq3pOyEwk7MttS23rncYZCT3jARWeqLv1HD94Dr0u2YhGVUWDHdinjJPBoduyCAkDQcgn/k/4SY4P74uzweA42UaN1ibdY+aDbv8= root@openstack\n",
            "region": "RegionOne",
            "value_specs": null
          },
          "sensitive_attributes": [],
          "private": "bnVsbA=="
        }
      ]
    },
    {
      "mode": "managed",
      "type": "openstack_compute_secgroup_v2",
      "name": "confluence",
      "provider": "provider[\"registry.terraform.io/terraform-provider-openstack/openstack\"]",
      "instances": [
        {
          "schema_version": 0,
          "attributes": {
            "description": "a security group by terraform",
            "id": "b76aff7e-2eb3-4976-8c11-748436c51744",
            "name": "confluence",
            "region": "RegionOne",
            "rule": [
              {
                "cidr": "0.0.0.0/0",
                "from_group_id": "",
                "from_port": -1,
                "id": "506a7128-a1b5-4bd0-8707-58ec57df7b27",
                "ip_protocol": "icmp",
                "self": false,
                "to_port": -1
              },
              {
                "cidr": "0.0.0.0/0",
                "from_group_id": "",
                "from_port": 22,
                "id": "9be6e191-1d14-472e-9167-a90e867b4f8e",
                "ip_protocol": "tcp",
                "self": false,
                "to_port": 22
              },
              {
                "cidr": "0.0.0.0/0",
                "from_group_id": "",
                "from_port": 5432,
                "id": "efb0b937-0ce1-4a57-b5ef-73dc1b2973be",
                "ip_protocol": "tcp",
                "self": false,
                "to_port": 5432
              },
              {
                "cidr": "0.0.0.0/0",
                "from_group_id": "",
                "from_port": 80,
                "id": "d206dff9-02b7-4a8f-9713-35f66afc5728",
                "ip_protocol": "tcp",
                "self": false,
                "to_port": 80
              }
            ],
            "timeouts": null
          },
          "sensitive_attributes": [],
          "private": "eyJlMmJmYjczMC1lY2FhLTExZTYtOGY4OC0zNDM2M2JjN2M0YzAiOnsiZGVsZXRlIjo2MDAwMDAwMDAwMDB9fQ=="
        }
      ]
    },
    {
      "mode": "managed",
      "type": "openstack_dns_recordset_v2",
      "name": "confluence",
      "provider": "provider[\"registry.terraform.io/terraform-provider-openstack/openstack\"]",
      "instances": [
        {
          "index_key": "vm1",
          "schema_version": 0,
          "attributes": {
            "description": "",
            "disable_status_check": false,
            "id": "6f3b126c-78ce-486c-b5b1-235b376aa854/9a9caf0e-1c3a-45ea-81c7-dd5bfa2e5b39",
            "name": "confluence.rdulinux.com.",
            "project_id": "e7f72e331ddb4e988f42389e19fb804c",
            "records": [
              "192.168.2.107"
            ],
            "region": "RegionOne",
            "timeouts": null,
            "ttl": 3000,
            "type": "A",
            "value_specs": null,
            "zone_id": "6f3b126c-78ce-486c-b5b1-235b376aa854"
          },
          "sensitive_attributes": [],
          "private": "eyJlMmJmYjczMC1lY2FhLTExZTYtOGY4OC0zNDM2M2JjN2M0YzAiOnsiY3JlYXRlIjo2MDAwMDAwMDAwMDAsImRlbGV0ZSI6NjAwMDAwMDAwMDAwLCJ1cGRhdGUiOjYwMDAwMDAwMDAwMH19",
          "dependencies": [
            "data.openstack_dns_zone_v2.rdulinux_zone",
            "data.openstack_dns_zone_v2.reverse_zone",
            "openstack_compute_floatingip_associate_v2.confluence",
            "openstack_compute_instance_v2.confluence",
            "openstack_compute_secgroup_v2.confluence",
            "openstack_networking_floatingip_v2.confluence"
          ]
        }
      ]
    },
    {
      "mode": "managed",
      "type": "openstack_dns_recordset_v2",
      "name": "confluencereverse",
      "provider": "provider[\"registry.terraform.io/terraform-provider-openstack/openstack\"]",
      "instances": [
        {
          "index_key": "vm1",
          "schema_version": 0,
          "attributes": {
            "description": "",
            "disable_status_check": false,
            "id": "8dde2647-7d93-4b51-840f-0255306b6652/b0f06464-a4ad-4ea6-81ed-d3e3815ce854",
            "name": "107.2.168.192.in-addr.arpa.",
            "project_id": "e7f72e331ddb4e988f42389e19fb804c",
            "records": [
              "confluence.rdulinux.com."
            ],
            "region": "RegionOne",
            "timeouts": null,
            "ttl": 3000,
            "type": "PTR",
            "value_specs": null,
            "zone_id": "8dde2647-7d93-4b51-840f-0255306b6652"
          },
          "sensitive_attributes": [],
          "private": "eyJlMmJmYjczMC1lY2FhLTExZTYtOGY4OC0zNDM2M2JjN2M0YzAiOnsiY3JlYXRlIjo2MDAwMDAwMDAwMDAsImRlbGV0ZSI6NjAwMDAwMDAwMDAwLCJ1cGRhdGUiOjYwMDAwMDAwMDAwMH19",
          "dependencies": [
            "data.openstack_dns_zone_v2.rdulinux_zone",
            "data.openstack_dns_zone_v2.reverse_zone",
            "openstack_compute_floatingip_associate_v2.confluence",
            "openstack_compute_instance_v2.confluence",
            "openstack_compute_secgroup_v2.confluence",
            "openstack_dns_recordset_v2.confluence",
            "openstack_networking_floatingip_v2.confluence"
          ]
        }
      ]
    },
    {
      "mode": "managed",
      "type": "openstack_networking_floatingip_v2",
      "name": "confluence",
      "provider": "provider[\"registry.terraform.io/terraform-provider-openstack/openstack\"]",
      "instances": [
        {
          "index_key": "vm1",
          "schema_version": 0,
          "attributes": {
            "address": "192.168.2.107",
            "all_tags": [],
            "description": "",
            "dns_domain": "",
            "dns_name": "",
            "fixed_ip": "10.0.1.124",
            "id": "f8c5ee61-1381-4248-a3d4-a8819fb2df64",
            "pool": "external_network",
            "port_id": "d8699f20-0f1d-4bda-81b7-8ba66d84de7f",
            "region": "RegionOne",
            "subnet_id": null,
            "subnet_ids": null,
            "tags": [],
            "tenant_id": "e7f72e331ddb4e988f42389e19fb804c",
            "timeouts": null,
            "value_specs": null
          },
          "sensitive_attributes": [],
          "private": "eyJlMmJmYjczMC1lY2FhLTExZTYtOGY4OC0zNDM2M2JjN2M0YzAiOnsiY3JlYXRlIjo2MDAwMDAwMDAwMDAsImRlbGV0ZSI6NjAwMDAwMDAwMDAwfX0="
        }
      ]
    }
  ],
  "check_results": null
}
