{
  "version": 4,
  "terraform_version": "1.13.5",
  "serial": 230,
  "lineage": "f04706f9-101f-ef2e-adee-36da71f4d283",
  "outputs": {
    "dns_forward_records": {
      "value": [
        "controller.rdulinux.com.",
        "rancher.rdulinux.com.",
        "worker1.rdulinux.com.",
        "worker2.rdulinux.com.",
        "worker3.rdulinux.com.",
        "worker4.rdulinux.com.",
        "worker5.rdulinux.com."
      ],
      "type": [
        "tuple",
        [
          "string",
          "string",
          "string",
          "string",
          "string",
          "string",
          "string"
        ]
      ]
    },
    "dns_reverse_records": {
      "value": [
        "160.2.168.192.in-addr.arpa.",
        "136.2.168.192.in-addr.arpa.",
        "172.2.168.192.in-addr.arpa.",
        "164.2.168.192.in-addr.arpa.",
        "184.2.168.192.in-addr.arpa.",
        "103.2.168.192.in-addr.arpa.",
        "153.2.168.192.in-addr.arpa."
      ],
      "type": [
        "tuple",
        [
          "string",
          "string",
          "string",
          "string",
          "string",
          "string",
          "string"
        ]
      ]
    },
    "floating_ips": {
      "value": [
        "192.168.2.160",
        "192.168.2.136",
        "192.168.2.172",
        "192.168.2.164",
        "192.168.2.184",
        "192.168.2.103",
        "192.168.2.153"
      ],
      "type": [
        "tuple",
        [
          "string",
          "string",
          "string",
          "string",
          "string",
          "string",
          "string"
        ]
      ]
    },
    "vm_names": {
      "value": [
        "controller",
        "rancher",
        "worker1",
        "worker2",
        "worker3",
        "worker4",
        "worker5"
      ],
      "type": [
        "list",
        "string"
      ]
    }
  },
  "resources": [
    {
      "mode": "data",
      "type": "terraform_remote_state",
      "name": "infra",
      "provider": "provider[\"terraform.io/builtin/terraform\"]",
      "instances": [
        {
          "schema_version": 0,
          "attributes": {
            "backend": "local",
            "config": {
              "value": {
                "path": "../infra/terraform.tfstate"
              },
              "type": [
                "object",
                {
                  "path": "string"
                }
              ]
            },
            "defaults": null,
            "outputs": {
              "value": {
                "dns_forward_zone_id": "b07a46de-76cf-4ad8-b794-b4d49948c250",
                "dns_reverse_zone_id": "beca7e28-33d3-45ae-8e5e-ada05f40a076",
                "external_network_name": "external_network",
                "keypair_name": "default-key",
                "private_network_id": "f0b762d2-b882-4204-8ff6-bc6b1be50db6",
                "private_subnet_id": "c08672fb-66ed-4239-a4ba-3c298d9dbb01",
                "reverse_zone_name": "2.168.192.in-addr.arpa."
              },
              "type": [
                "object",
                {
                  "dns_forward_zone_id": "string",
                  "dns_reverse_zone_id": "string",
                  "external_network_name": "string",
                  "keypair_name": "string",
                  "private_network_id": "string",
                  "private_subnet_id": "string",
                  "reverse_zone_name": "string"
                }
              ]
            },
            "workspace": null
          },
          "sensitive_attributes": [],
          "identity_schema_version": 0
        }
      ]
    },
    {
      "module": "module.compute",
      "mode": "managed",
      "type": "openstack_compute_floatingip_associate_v2",
      "name": "fip_assoc",
      "provider": "provider[\"registry.terraform.io/terraform-provider-openstack/openstack\"]",
      "instances": [
        {
          "index_key": "controller",
          "schema_version": 0,
          "attributes": {
            "fixed_ip": "",
            "floating_ip": "192.168.2.160",
            "id": "192.168.2.160/277e4b7f-885d-4742-904b-6d2096667871/",
            "instance_id": "277e4b7f-885d-4742-904b-6d2096667871",
            "region": "RegionOne",
            "timeouts": null,
            "wait_until_associated": null
          },
          "sensitive_attributes": [],
          "identity_schema_version": 0,
          "private": "eyJlMmJmYjczMC1lY2FhLTExZTYtOGY4OC0zNDM2M2JjN2M0YzAiOnsiY3JlYXRlIjo2MDAwMDAwMDAwMDB9fQ==",
          "dependencies": [
            "data.terraform_remote_state.infra",
            "module.compute.openstack_compute_instance_v2.vms",
            "module.compute.openstack_networking_floatingip_v2.fips",
            "module.compute.openstack_networking_port_v2.ports"
          ]
        },
        {
          "index_key": "rancher",
          "schema_version": 0,
          "attributes": {
            "fixed_ip": "",
            "floating_ip": "192.168.2.136",
            "id": "192.168.2.136/9cf3e17c-1b22-46d8-b328-182f6ab94f8e/",
            "instance_id": "9cf3e17c-1b22-46d8-b328-182f6ab94f8e",
            "region": "RegionOne",
            "timeouts": null,
            "wait_until_associated": null
          },
          "sensitive_attributes": [],
          "identity_schema_version": 0,
          "private": "eyJlMmJmYjczMC1lY2FhLTExZTYtOGY4OC0zNDM2M2JjN2M0YzAiOnsiY3JlYXRlIjo2MDAwMDAwMDAwMDB9fQ==",
          "dependencies": [
            "data.terraform_remote_state.infra",
            "module.compute.openstack_compute_instance_v2.vms",
            "module.compute.openstack_networking_floatingip_v2.fips",
            "module.compute.openstack_networking_port_v2.ports"
          ]
        },
        {
          "index_key": "worker1",
          "schema_version": 0,
          "attributes": {
            "fixed_ip": "",
            "floating_ip": "192.168.2.172",
            "id": "192.168.2.172/927fb699-d78b-4e81-ae6f-b1af9f5f9935/",
            "instance_id": "927fb699-d78b-4e81-ae6f-b1af9f5f9935",
            "region": "RegionOne",
            "timeouts": null,
            "wait_until_associated": null
          },
          "sensitive_attributes": [],
          "identity_schema_version": 0,
          "private": "eyJlMmJmYjczMC1lY2FhLTExZTYtOGY4OC0zNDM2M2JjN2M0YzAiOnsiY3JlYXRlIjo2MDAwMDAwMDAwMDB9fQ==",
          "dependencies": [
            "data.terraform_remote_state.infra",
            "module.compute.openstack_compute_instance_v2.vms",
            "module.compute.openstack_networking_floatingip_v2.fips",
            "module.compute.openstack_networking_port_v2.ports"
          ]
        },
        {
          "index_key": "worker2",
          "schema_version": 0,
          "attributes": {
            "fixed_ip": "",
            "floating_ip": "192.168.2.164",
            "id": "192.168.2.164/35351dbd-d02a-4b14-aadc-50a11967c5b6/",
            "instance_id": "35351dbd-d02a-4b14-aadc-50a11967c5b6",
            "region": "RegionOne",
            "timeouts": null,
            "wait_until_associated": null
          },
          "sensitive_attributes": [],
          "identity_schema_version": 0,
          "private": "eyJlMmJmYjczMC1lY2FhLTExZTYtOGY4OC0zNDM2M2JjN2M0YzAiOnsiY3JlYXRlIjo2MDAwMDAwMDAwMDB9fQ==",
          "dependencies": [
            "data.terraform_remote_state.infra",
            "module.compute.openstack_compute_instance_v2.vms",
            "module.compute.openstack_networking_floatingip_v2.fips",
            "module.compute.openstack_networking_port_v2.ports"
          ]
        },
        {
          "index_key": "worker3",
          "schema_version": 0,
          "attributes": {
            "fixed_ip": "",
            "floating_ip": "192.168.2.184",
            "id": "192.168.2.184/ded2c3d5-247d-4ee4-a7ad-7097c95817fe/",
            "instance_id": "ded2c3d5-247d-4ee4-a7ad-7097c95817fe",
            "region": "RegionOne",
            "timeouts": null,
            "wait_until_associated": null
          },
          "sensitive_attributes": [],
          "identity_schema_version": 0,
          "private": "eyJlMmJmYjczMC1lY2FhLTExZTYtOGY4OC0zNDM2M2JjN2M0YzAiOnsiY3JlYXRlIjo2MDAwMDAwMDAwMDB9fQ==",
          "dependencies": [
            "data.terraform_remote_state.infra",
            "module.compute.openstack_compute_instance_v2.vms",
            "module.compute.openstack_networking_floatingip_v2.fips",
            "module.compute.openstack_networking_port_v2.ports"
          ]
        },
        {
          "index_key": "worker4",
          "schema_version": 0,
          "attributes": {
            "fixed_ip": "",
            "floating_ip": "192.168.2.103",
            "id": "192.168.2.103/654ac950-843a-46ac-a2ce-8ef7d7e2714e/",
            "instance_id": "654ac950-843a-46ac-a2ce-8ef7d7e2714e",
            "region": "RegionOne",
            "timeouts": null,
            "wait_until_associated": null
          },
          "sensitive_attributes": [],
          "identity_schema_version": 0,
          "private": "eyJlMmJmYjczMC1lY2FhLTExZTYtOGY4OC0zNDM2M2JjN2M0YzAiOnsiY3JlYXRlIjo2MDAwMDAwMDAwMDB9fQ==",
          "dependencies": [
            "data.terraform_remote_state.infra",
            "module.compute.openstack_compute_instance_v2.vms",
            "module.compute.openstack_networking_floatingip_v2.fips",
            "module.compute.openstack_networking_port_v2.ports"
          ]
        },
        {
          "index_key": "worker5",
          "schema_version": 0,
          "attributes": {
            "fixed_ip": "",
            "floating_ip": "192.168.2.153",
            "id": "192.168.2.153/34f38d52-68fa-4add-8d87-e15299a007c4/",
            "instance_id": "34f38d52-68fa-4add-8d87-e15299a007c4",
            "region": "RegionOne",
            "timeouts": null,
            "wait_until_associated": null
          },
          "sensitive_attributes": [],
          "identity_schema_version": 0,
          "private": "eyJlMmJmYjczMC1lY2FhLTExZTYtOGY4OC0zNDM2M2JjN2M0YzAiOnsiY3JlYXRlIjo2MDAwMDAwMDAwMDB9fQ==",
          "dependencies": [
            "data.terraform_remote_state.infra",
            "module.compute.openstack_compute_instance_v2.vms",
            "module.compute.openstack_networking_floatingip_v2.fips",
            "module.compute.openstack_networking_port_v2.ports"
          ]
        }
      ]
    },
    {
      "module": "module.compute",
      "mode": "managed",
      "type": "openstack_compute_instance_v2",
      "name": "vms",
      "provider": "provider[\"registry.terraform.io/terraform-provider-openstack/openstack\"]",
      "instances": [
        {
          "index_key": "controller",
          "schema_version": 0,
          "attributes": {
            "access_ip_v4": "10.0.1.119",
            "access_ip_v6": "",
            "admin_pass": null,
            "all_metadata": {},
            "all_tags": [],
            "availability_zone": "nova",
            "availability_zone_hints": null,
            "block_device": [],
            "config_drive": null,
            "flavor_id": "3",
            "flavor_name": "m1.medium",
            "floating_ip": null,
            "force_delete": false,
            "id": "277e4b7f-885d-4742-904b-6d2096667871",
            "image_id": "c3513b93-5f94-4f12-8532-e1eb36e6462a",
            "image_name": "ubuntu2204",
            "key_pair": "default-key",
            "metadata": null,
            "name": "controller",
            "network": [
              {
                "access_network": false,
                "fixed_ip_v4": "10.0.1.119",
                "fixed_ip_v6": "",
                "floating_ip": "",
                "mac": "fa:16:3e:cc:97:f5",
                "name": "private_network",
                "port": "6a942c41-3969-497b-a4ef-3742189005cf",
                "uuid": "f0b762d2-b882-4204-8ff6-bc6b1be50db6"
              }
            ],
            "network_mode": null,
            "personality": [],
            "power_state": "active",
            "region": "RegionOne",
            "scheduler_hints": [],
            "security_groups": [
              "default"
            ],
            "stop_before_destroy": false,
            "tags": [],
            "timeouts": null,
            "user_data": "bd4bc82a810e4c2de0deda4308bfd689bc3a1f93",
            "vendor_options": [],
            "volume": []
          },
          "sensitive_attributes": [
            [
              {
                "type": "get_attr",
                "value": "admin_pass"
              }
            ]
          ],
          "identity_schema_version": 0,
          "private": "eyJlMmJmYjczMC1lY2FhLTExZTYtOGY4OC0zNDM2M2JjN2M0YzAiOnsiY3JlYXRlIjoxODAwMDAwMDAwMDAwLCJkZWxldGUiOjE4MDAwMDAwMDAwMDAsInVwZGF0ZSI6MTgwMDAwMDAwMDAwMH19",
          "dependencies": [
            "data.terraform_remote_state.infra",
            "module.compute.openstack_networking_port_v2.ports"
          ]
        },
        {
          "index_key": "rancher",
          "schema_version": 0,
          "attributes": {
            "access_ip_v4": "10.0.1.7",
            "access_ip_v6": "",
            "admin_pass": null,
            "all_metadata": {},
            "all_tags": [],
            "availability_zone": "nova",
            "availability_zone_hints": null,
            "block_device": [],
            "config_drive": null,
            "flavor_id": "3",
            "flavor_name": "m1.medium",
            "floating_ip": null,
            "force_delete": false,
            "id": "9cf3e17c-1b22-46d8-b328-182f6ab94f8e",
            "image_id": "c3513b93-5f94-4f12-8532-e1eb36e6462a",
            "image_name": "ubuntu2204",
            "key_pair": "default-key",
            "metadata": null,
            "name": "rancher",
            "network": [
              {
                "access_network": false,
                "fixed_ip_v4": "10.0.1.7",
                "fixed_ip_v6": "",
                "floating_ip": "",
                "mac": "fa:16:3e:de:31:fb",
                "name": "private_network",
                "port": "e7636945-b55f-4858-8c54-6e47eb9757f3",
                "uuid": "f0b762d2-b882-4204-8ff6-bc6b1be50db6"
              }
            ],
            "network_mode": null,
            "personality": [],
            "power_state": "active",
            "region": "RegionOne",
            "scheduler_hints": [],
            "security_groups": [
              "default"
            ],
            "stop_before_destroy": false,
            "tags": null,
            "timeouts": null,
            "user_data": "5b8094b949e70566f5501500ada2a5c6aa1871fc",
            "vendor_options": [],
            "volume": []
          },
          "sensitive_attributes": [
            [
              {
                "type": "get_attr",
                "value": "admin_pass"
              }
            ]
          ],
          "identity_schema_version": 0,
          "private": "eyJlMmJmYjczMC1lY2FhLTExZTYtOGY4OC0zNDM2M2JjN2M0YzAiOnsiY3JlYXRlIjoxODAwMDAwMDAwMDAwLCJkZWxldGUiOjE4MDAwMDAwMDAwMDAsInVwZGF0ZSI6MTgwMDAwMDAwMDAwMH19",
          "dependencies": [
            "data.terraform_remote_state.infra",
            "module.compute.openstack_networking_port_v2.ports"
          ]
        },
        {
          "index_key": "worker1",
          "schema_version": 0,
          "attributes": {
            "access_ip_v4": "10.0.1.109",
            "access_ip_v6": "",
            "admin_pass": null,
            "all_metadata": {},
            "all_tags": [],
            "availability_zone": "nova",
            "availability_zone_hints": null,
            "block_device": [],
            "config_drive": null,
            "flavor_id": "3",
            "flavor_name": "m1.medium",
            "floating_ip": null,
            "force_delete": false,
            "id": "927fb699-d78b-4e81-ae6f-b1af9f5f9935",
            "image_id": "c3513b93-5f94-4f12-8532-e1eb36e6462a",
            "image_name": "ubuntu2204",
            "key_pair": "default-key",
            "metadata": null,
            "name": "worker1",
            "network": [
              {
                "access_network": false,
                "fixed_ip_v4": "10.0.1.109",
                "fixed_ip_v6": "",
                "floating_ip": "",
                "mac": "fa:16:3e:e2:39:6e",
                "name": "private_network",
                "port": "82a8e7c0-ea2f-462d-94f2-f0b5f295b3c7",
                "uuid": "f0b762d2-b882-4204-8ff6-bc6b1be50db6"
              }
            ],
            "network_mode": null,
            "personality": [],
            "power_state": "active",
            "region": "RegionOne",
            "scheduler_hints": [],
            "security_groups": [
              "default"
            ],
            "stop_before_destroy": false,
            "tags": [],
            "timeouts": null,
            "user_data": "51ace8bc2fce892a213d5b486a398940aa2baac5",
            "vendor_options": [],
            "volume": []
          },
          "sensitive_attributes": [
            [
              {
                "type": "get_attr",
                "value": "admin_pass"
              }
            ]
          ],
          "identity_schema_version": 0,
          "private": "eyJlMmJmYjczMC1lY2FhLTExZTYtOGY4OC0zNDM2M2JjN2M0YzAiOnsiY3JlYXRlIjoxODAwMDAwMDAwMDAwLCJkZWxldGUiOjE4MDAwMDAwMDAwMDAsInVwZGF0ZSI6MTgwMDAwMDAwMDAwMH19",
          "dependencies": [
            "data.terraform_remote_state.infra",
            "module.compute.openstack_networking_port_v2.ports"
          ]
        },
        {
          "index_key": "worker2",
          "schema_version": 0,
          "attributes": {
            "access_ip_v4": "10.0.1.115",
            "access_ip_v6": "",
            "admin_pass": null,
            "all_metadata": {},
            "all_tags": [],
            "availability_zone": "nova",
            "availability_zone_hints": null,
            "block_device": [],
            "config_drive": null,
            "flavor_id": "3",
            "flavor_name": "m1.medium",
            "floating_ip": null,
            "force_delete": false,
            "id": "35351dbd-d02a-4b14-aadc-50a11967c5b6",
            "image_id": "c3513b93-5f94-4f12-8532-e1eb36e6462a",
            "image_name": "ubuntu2204",
            "key_pair": "default-key",
            "metadata": null,
            "name": "worker2",
            "network": [
              {
                "access_network": false,
                "fixed_ip_v4": "10.0.1.115",
                "fixed_ip_v6": "",
                "floating_ip": "",
                "mac": "fa:16:3e:d1:61:0c",
                "name": "private_network",
                "port": "cb774bc9-a59e-482c-84ea-1f9e347cbc26",
                "uuid": "f0b762d2-b882-4204-8ff6-bc6b1be50db6"
              }
            ],
            "network_mode": null,
            "personality": [],
            "power_state": "active",
            "region": "RegionOne",
            "scheduler_hints": [],
            "security_groups": [
              "default"
            ],
            "stop_before_destroy": false,
            "tags": [],
            "timeouts": null,
            "user_data": "51ace8bc2fce892a213d5b486a398940aa2baac5",
            "vendor_options": [],
            "volume": []
          },
          "sensitive_attributes": [
            [
              {
                "type": "get_attr",
                "value": "admin_pass"
              }
            ]
          ],
          "identity_schema_version": 0,
          "private": "eyJlMmJmYjczMC1lY2FhLTExZTYtOGY4OC0zNDM2M2JjN2M0YzAiOnsiY3JlYXRlIjoxODAwMDAwMDAwMDAwLCJkZWxldGUiOjE4MDAwMDAwMDAwMDAsInVwZGF0ZSI6MTgwMDAwMDAwMDAwMH19",
          "dependencies": [
            "data.terraform_remote_state.infra",
            "module.compute.openstack_networking_port_v2.ports"
          ]
        },
        {
          "index_key": "worker3",
          "schema_version": 0,
          "attributes": {
            "access_ip_v4": "10.0.1.95",
            "access_ip_v6": "",
            "admin_pass": null,
            "all_metadata": {},
            "all_tags": [],
            "availability_zone": "nova",
            "availability_zone_hints": null,
            "block_device": [],
            "config_drive": null,
            "flavor_id": "3",
            "flavor_name": "m1.medium",
            "floating_ip": null,
            "force_delete": false,
            "id": "ded2c3d5-247d-4ee4-a7ad-7097c95817fe",
            "image_id": "c3513b93-5f94-4f12-8532-e1eb36e6462a",
            "image_name": "ubuntu2204",
            "key_pair": "default-key",
            "metadata": null,
            "name": "worker3",
            "network": [
              {
                "access_network": false,
                "fixed_ip_v4": "10.0.1.95",
                "fixed_ip_v6": "",
                "floating_ip": "",
                "mac": "fa:16:3e:72:75:b0",
                "name": "private_network",
                "port": "6e62c53a-f78b-4484-ac61-b5e54a2b02df",
                "uuid": "f0b762d2-b882-4204-8ff6-bc6b1be50db6"
              }
            ],
            "network_mode": null,
            "personality": [],
            "power_state": "active",
            "region": "RegionOne",
            "scheduler_hints": [],
            "security_groups": [
              "default"
            ],
            "stop_before_destroy": false,
            "tags": [],
            "timeouts": null,
            "user_data": "51ace8bc2fce892a213d5b486a398940aa2baac5",
            "vendor_options": [],
            "volume": []
          },
          "sensitive_attributes": [
            [
              {
                "type": "get_attr",
                "value": "admin_pass"
              }
            ]
          ],
          "identity_schema_version": 0,
          "private": "eyJlMmJmYjczMC1lY2FhLTExZTYtOGY4OC0zNDM2M2JjN2M0YzAiOnsiY3JlYXRlIjoxODAwMDAwMDAwMDAwLCJkZWxldGUiOjE4MDAwMDAwMDAwMDAsInVwZGF0ZSI6MTgwMDAwMDAwMDAwMH19",
          "dependencies": [
            "data.terraform_remote_state.infra",
            "module.compute.openstack_networking_port_v2.ports"
          ]
        },
        {
          "index_key": "worker4",
          "schema_version": 0,
          "attributes": {
            "access_ip_v4": "10.0.1.71",
            "access_ip_v6": "",
            "admin_pass": null,
            "all_metadata": {},
            "all_tags": [],
            "availability_zone": "nova",
            "availability_zone_hints": null,
            "block_device": [],
            "config_drive": null,
            "flavor_id": "3",
            "flavor_name": "m1.medium",
            "floating_ip": null,
            "force_delete": false,
            "id": "654ac950-843a-46ac-a2ce-8ef7d7e2714e",
            "image_id": "c3513b93-5f94-4f12-8532-e1eb36e6462a",
            "image_name": "ubuntu2204",
            "key_pair": "default-key",
            "metadata": null,
            "name": "worker4",
            "network": [
              {
                "access_network": false,
                "fixed_ip_v4": "10.0.1.71",
                "fixed_ip_v6": "",
                "floating_ip": "",
                "mac": "fa:16:3e:52:f6:3a",
                "name": "private_network",
                "port": "8bb64ee7-10e5-4229-8781-32ec60e12b20",
                "uuid": "f0b762d2-b882-4204-8ff6-bc6b1be50db6"
              }
            ],
            "network_mode": null,
            "personality": [],
            "power_state": "active",
            "region": "RegionOne",
            "scheduler_hints": [],
            "security_groups": [
              "default"
            ],
            "stop_before_destroy": false,
            "tags": [],
            "timeouts": null,
            "user_data": "51ace8bc2fce892a213d5b486a398940aa2baac5",
            "vendor_options": [],
            "volume": []
          },
          "sensitive_attributes": [
            [
              {
                "type": "get_attr",
                "value": "admin_pass"
              }
            ]
          ],
          "identity_schema_version": 0,
          "private": "eyJlMmJmYjczMC1lY2FhLTExZTYtOGY4OC0zNDM2M2JjN2M0YzAiOnsiY3JlYXRlIjoxODAwMDAwMDAwMDAwLCJkZWxldGUiOjE4MDAwMDAwMDAwMDAsInVwZGF0ZSI6MTgwMDAwMDAwMDAwMH19",
          "dependencies": [
            "data.terraform_remote_state.infra",
            "module.compute.openstack_networking_port_v2.ports"
          ]
        },
        {
          "index_key": "worker5",
          "schema_version": 0,
          "attributes": {
            "access_ip_v4": "10.0.1.85",
            "access_ip_v6": "",
            "admin_pass": null,
            "all_metadata": {},
            "all_tags": [],
            "availability_zone": "nova",
            "availability_zone_hints": null,
            "block_device": [],
            "config_drive": null,
            "flavor_id": "3",
            "flavor_name": "m1.medium",
            "floating_ip": null,
            "force_delete": false,
            "id": "34f38d52-68fa-4add-8d87-e15299a007c4",
            "image_id": "c3513b93-5f94-4f12-8532-e1eb36e6462a",
            "image_name": "ubuntu2204",
            "key_pair": "default-key",
            "metadata": null,
            "name": "worker5",
            "network": [
              {
                "access_network": false,
                "fixed_ip_v4": "10.0.1.85",
                "fixed_ip_v6": "",
                "floating_ip": "",
                "mac": "fa:16:3e:c6:d1:8e",
                "name": "private_network",
                "port": "a8a36675-9908-4152-b227-35f49a4fccce",
                "uuid": "f0b762d2-b882-4204-8ff6-bc6b1be50db6"
              }
            ],
            "network_mode": null,
            "personality": [],
            "power_state": "active",
            "region": "RegionOne",
            "scheduler_hints": [],
            "security_groups": [
              "default"
            ],
            "stop_before_destroy": false,
            "tags": [],
            "timeouts": null,
            "user_data": "51ace8bc2fce892a213d5b486a398940aa2baac5",
            "vendor_options": [],
            "volume": []
          },
          "sensitive_attributes": [
            [
              {
                "type": "get_attr",
                "value": "admin_pass"
              }
            ]
          ],
          "identity_schema_version": 0,
          "private": "eyJlMmJmYjczMC1lY2FhLTExZTYtOGY4OC0zNDM2M2JjN2M0YzAiOnsiY3JlYXRlIjoxODAwMDAwMDAwMDAwLCJkZWxldGUiOjE4MDAwMDAwMDAwMDAsInVwZGF0ZSI6MTgwMDAwMDAwMDAwMH19",
          "dependencies": [
            "data.terraform_remote_state.infra",
            "module.compute.openstack_networking_port_v2.ports"
          ]
        }
      ]
    },
    {
      "module": "module.compute",
      "mode": "managed",
      "type": "openstack_networking_floatingip_v2",
      "name": "fips",
      "provider": "provider[\"registry.terraform.io/terraform-provider-openstack/openstack\"]",
      "instances": [
        {
          "index_key": "controller",
          "schema_version": 0,
          "attributes": {
            "address": "192.168.2.160",
            "all_tags": [],
            "description": "",
            "dns_domain": "",
            "dns_name": "",
            "fixed_ip": "10.0.1.119",
            "id": "16892136-5d6d-42a7-b5b3-854bca4dff7c",
            "pool": "external_network",
            "port_id": "6a942c41-3969-497b-a4ef-3742189005cf",
            "region": "RegionOne",
            "subnet_id": null,
            "subnet_ids": null,
            "tags": [],
            "tenant_id": "a28753a842ae42698c17d8ae328acba9",
            "timeouts": null,
            "value_specs": null
          },
          "sensitive_attributes": [],
          "identity_schema_version": 0,
          "private": "eyJlMmJmYjczMC1lY2FhLTExZTYtOGY4OC0zNDM2M2JjN2M0YzAiOnsiY3JlYXRlIjo2MDAwMDAwMDAwMDAsImRlbGV0ZSI6NjAwMDAwMDAwMDAwfX0=",
          "dependencies": [
            "data.terraform_remote_state.infra"
          ]
        },
        {
          "index_key": "rancher",
          "schema_version": 0,
          "attributes": {
            "address": "192.168.2.136",
            "all_tags": [],
            "description": "",
            "dns_domain": "",
            "dns_name": "",
            "fixed_ip": "10.0.1.7",
            "id": "5421d9b4-e249-464d-9c82-d0c1557815d6",
            "pool": "external_network",
            "port_id": "e7636945-b55f-4858-8c54-6e47eb9757f3",
            "region": "RegionOne",
            "subnet_id": null,
            "subnet_ids": null,
            "tags": [],
            "tenant_id": "a28753a842ae42698c17d8ae328acba9",
            "timeouts": null,
            "value_specs": null
          },
          "sensitive_attributes": [],
          "identity_schema_version": 0,
          "private": "eyJlMmJmYjczMC1lY2FhLTExZTYtOGY4OC0zNDM2M2JjN2M0YzAiOnsiY3JlYXRlIjo2MDAwMDAwMDAwMDAsImRlbGV0ZSI6NjAwMDAwMDAwMDAwfX0=",
          "dependencies": [
            "data.terraform_remote_state.infra"
          ]
        },
        {
          "index_key": "worker1",
          "schema_version": 0,
          "attributes": {
            "address": "192.168.2.172",
            "all_tags": [],
            "description": "",
            "dns_domain": "",
            "dns_name": "",
            "fixed_ip": "10.0.1.109",
            "id": "6e6aa503-92c7-451f-a3db-edd1a46874f2",
            "pool": "external_network",
            "port_id": "82a8e7c0-ea2f-462d-94f2-f0b5f295b3c7",
            "region": "RegionOne",
            "subnet_id": null,
            "subnet_ids": null,
            "tags": [],
            "tenant_id": "a28753a842ae42698c17d8ae328acba9",
            "timeouts": null,
            "value_specs": null
          },
          "sensitive_attributes": [],
          "identity_schema_version": 0,
          "private": "eyJlMmJmYjczMC1lY2FhLTExZTYtOGY4OC0zNDM2M2JjN2M0YzAiOnsiY3JlYXRlIjo2MDAwMDAwMDAwMDAsImRlbGV0ZSI6NjAwMDAwMDAwMDAwfX0=",
          "dependencies": [
            "data.terraform_remote_state.infra"
          ]
        },
        {
          "index_key": "worker2",
          "schema_version": 0,
          "attributes": {
            "address": "192.168.2.164",
            "all_tags": [],
            "description": "",
            "dns_domain": "",
            "dns_name": "",
            "fixed_ip": "10.0.1.115",
            "id": "2790b5ef-58bf-474b-9eaf-e2f131fa92e9",
            "pool": "external_network",
            "port_id": "cb774bc9-a59e-482c-84ea-1f9e347cbc26",
            "region": "RegionOne",
            "subnet_id": null,
            "subnet_ids": null,
            "tags": [],
            "tenant_id": "a28753a842ae42698c17d8ae328acba9",
            "timeouts": null,
            "value_specs": null
          },
          "sensitive_attributes": [],
          "identity_schema_version": 0,
          "private": "eyJlMmJmYjczMC1lY2FhLTExZTYtOGY4OC0zNDM2M2JjN2M0YzAiOnsiY3JlYXRlIjo2MDAwMDAwMDAwMDAsImRlbGV0ZSI6NjAwMDAwMDAwMDAwfX0=",
          "dependencies": [
            "data.terraform_remote_state.infra"
          ]
        },
        {
          "index_key": "worker3",
          "schema_version": 0,
          "attributes": {
            "address": "192.168.2.184",
            "all_tags": [],
            "description": "",
            "dns_domain": "",
            "dns_name": "",
            "fixed_ip": "10.0.1.95",
            "id": "45af6cba-88ac-4849-b0de-002332b7c2f0",
            "pool": "external_network",
            "port_id": "6e62c53a-f78b-4484-ac61-b5e54a2b02df",
            "region": "RegionOne",
            "subnet_id": null,
            "subnet_ids": null,
            "tags": [],
            "tenant_id": "a28753a842ae42698c17d8ae328acba9",
            "timeouts": null,
            "value_specs": null
          },
          "sensitive_attributes": [],
          "identity_schema_version": 0,
          "private": "eyJlMmJmYjczMC1lY2FhLTExZTYtOGY4OC0zNDM2M2JjN2M0YzAiOnsiY3JlYXRlIjo2MDAwMDAwMDAwMDAsImRlbGV0ZSI6NjAwMDAwMDAwMDAwfX0=",
          "dependencies": [
            "data.terraform_remote_state.infra"
          ]
        },
        {
          "index_key": "worker4",
          "schema_version": 0,
          "attributes": {
            "address": "192.168.2.103",
            "all_tags": [],
            "description": "",
            "dns_domain": "",
            "dns_name": "",
            "fixed_ip": "10.0.1.71",
            "id": "6b8c269f-187c-417e-8a7a-345f146a7d40",
            "pool": "external_network",
            "port_id": "8bb64ee7-10e5-4229-8781-32ec60e12b20",
            "region": "RegionOne",
            "subnet_id": null,
            "subnet_ids": null,
            "tags": [],
            "tenant_id": "a28753a842ae42698c17d8ae328acba9",
            "timeouts": null,
            "value_specs": null
          },
          "sensitive_attributes": [],
          "identity_schema_version": 0,
          "private": "eyJlMmJmYjczMC1lY2FhLTExZTYtOGY4OC0zNDM2M2JjN2M0YzAiOnsiY3JlYXRlIjo2MDAwMDAwMDAwMDAsImRlbGV0ZSI6NjAwMDAwMDAwMDAwfX0=",
          "dependencies": [
            "data.terraform_remote_state.infra"
          ]
        },
        {
          "index_key": "worker5",
          "schema_version": 0,
          "attributes": {
            "address": "192.168.2.153",
            "all_tags": [],
            "description": "",
            "dns_domain": "",
            "dns_name": "",
            "fixed_ip": "10.0.1.85",
            "id": "fb291f99-ee6c-4355-9b9c-8649707aae44",
            "pool": "external_network",
            "port_id": "a8a36675-9908-4152-b227-35f49a4fccce",
            "region": "RegionOne",
            "subnet_id": null,
            "subnet_ids": null,
            "tags": [],
            "tenant_id": "a28753a842ae42698c17d8ae328acba9",
            "timeouts": null,
            "value_specs": null
          },
          "sensitive_attributes": [],
          "identity_schema_version": 0,
          "private": "eyJlMmJmYjczMC1lY2FhLTExZTYtOGY4OC0zNDM2M2JjN2M0YzAiOnsiY3JlYXRlIjo2MDAwMDAwMDAwMDAsImRlbGV0ZSI6NjAwMDAwMDAwMDAwfX0=",
          "dependencies": [
            "data.terraform_remote_state.infra"
          ]
        }
      ]
    },
    {
      "module": "module.compute",
      "mode": "managed",
      "type": "openstack_networking_port_v2",
      "name": "ports",
      "provider": "provider[\"registry.terraform.io/terraform-provider-openstack/openstack\"]",
      "instances": [
        {
          "index_key": "controller",
          "schema_version": 0,
          "attributes": {
            "admin_state_up": true,
            "all_fixed_ips": [
              "10.0.1.119"
            ],
            "all_security_group_ids": [
              "49d6f40b-3410-4255-a12b-43f675ef1daa"
            ],
            "all_tags": [],
            "allowed_address_pairs": [],
            "binding": [
              {
                "host_id": "c3",
                "profile": "{}",
                "vif_details": {
                  "bound_drivers": "{\"0\":\"openvswitch\"}",
                  "bridge_name": "br-int",
                  "connectivity": "l2",
                  "datapath_type": "system",
                  "ovs_hybrid_plug": "true",
                  "port_filter": "true"
                },
                "vif_type": "ovs",
                "vnic_type": "normal"
              }
            ],
            "description": "",
            "device_id": "277e4b7f-885d-4742-904b-6d2096667871",
            "device_owner": "compute:nova",
            "dns_assignment": [
              {
                "fqdn": "controller.rdulinux.com.",
                "hostname": "controller",
                "ip_address": "10.0.1.119"
              }
            ],
            "dns_name": "controller",
            "extra_dhcp_option": [],
            "fixed_ip": [
              {
                "ip_address": "",
                "subnet_id": "c08672fb-66ed-4239-a4ba-3c298d9dbb01"
              }
            ],
            "id": "6a942c41-3969-497b-a4ef-3742189005cf",
            "mac_address": "fa:16:3e:cc:97:f5",
            "name": "controller-port",
            "network_id": "f0b762d2-b882-4204-8ff6-bc6b1be50db6",
            "no_fixed_ip": null,
            "no_security_groups": null,
            "port_security_enabled": true,
            "qos_policy_id": "",
            "region": "RegionOne",
            "security_group_ids": null,
            "tags": [],
            "tenant_id": "a28753a842ae42698c17d8ae328acba9",
            "timeouts": null,
            "value_specs": null
          },
          "sensitive_attributes": [],
          "identity_schema_version": 0,
          "private": "eyJlMmJmYjczMC1lY2FhLTExZTYtOGY4OC0zNDM2M2JjN2M0YzAiOnsiY3JlYXRlIjo2MDAwMDAwMDAwMDAsImRlbGV0ZSI6NjAwMDAwMDAwMDAwfX0=",
          "dependencies": [
            "data.terraform_remote_state.infra"
          ]
        },
        {
          "index_key": "rancher",
          "schema_version": 0,
          "attributes": {
            "admin_state_up": true,
            "all_fixed_ips": [
              "10.0.1.7"
            ],
            "all_security_group_ids": [
              "49d6f40b-3410-4255-a12b-43f675ef1daa"
            ],
            "all_tags": [],
            "allowed_address_pairs": [],
            "binding": [
              {
                "host_id": "c3",
                "profile": "{}",
                "vif_details": {
                  "bound_drivers": "{\"0\":\"openvswitch\"}",
                  "bridge_name": "br-int",
                  "connectivity": "l2",
                  "datapath_type": "system",
                  "ovs_hybrid_plug": "true",
                  "port_filter": "true"
                },
                "vif_type": "ovs",
                "vnic_type": "normal"
              }
            ],
            "description": "",
            "device_id": "ec2f61de-044a-4d35-a9dd-1cc274d4af0b",
            "device_owner": "compute:nova",
            "dns_assignment": [
              {
                "fqdn": "rancher.rdulinux.com.",
                "hostname": "rancher",
                "ip_address": "10.0.1.7"
              }
            ],
            "dns_name": "rancher",
            "extra_dhcp_option": [],
            "fixed_ip": [
              {
                "ip_address": "",
                "subnet_id": "c08672fb-66ed-4239-a4ba-3c298d9dbb01"
              }
            ],
            "id": "e7636945-b55f-4858-8c54-6e47eb9757f3",
            "mac_address": "fa:16:3e:de:31:fb",
            "name": "rancher-port",
            "network_id": "f0b762d2-b882-4204-8ff6-bc6b1be50db6",
            "no_fixed_ip": null,
            "no_security_groups": null,
            "port_security_enabled": true,
            "qos_policy_id": "",
            "region": "RegionOne",
            "security_group_ids": null,
            "tags": [],
            "tenant_id": "a28753a842ae42698c17d8ae328acba9",
            "timeouts": null,
            "value_specs": null
          },
          "sensitive_attributes": [],
          "identity_schema_version": 0,
          "private": "eyJlMmJmYjczMC1lY2FhLTExZTYtOGY4OC0zNDM2M2JjN2M0YzAiOnsiY3JlYXRlIjo2MDAwMDAwMDAwMDAsImRlbGV0ZSI6NjAwMDAwMDAwMDAwfX0=",
          "dependencies": [
            "data.terraform_remote_state.infra"
          ]
        },
        {
          "index_key": "worker1",
          "schema_version": 0,
          "attributes": {
            "admin_state_up": true,
            "all_fixed_ips": [
              "10.0.1.109"
            ],
            "all_security_group_ids": [
              "49d6f40b-3410-4255-a12b-43f675ef1daa"
            ],
            "all_tags": [],
            "allowed_address_pairs": [],
            "binding": [
              {
                "host_id": "c3",
                "profile": "{}",
                "vif_details": {
                  "bound_drivers": "{\"0\":\"openvswitch\"}",
                  "bridge_name": "br-int",
                  "connectivity": "l2",
                  "datapath_type": "system",
                  "ovs_hybrid_plug": "true",
                  "port_filter": "true"
                },
                "vif_type": "ovs",
                "vnic_type": "normal"
              }
            ],
            "description": "",
            "device_id": "927fb699-d78b-4e81-ae6f-b1af9f5f9935",
            "device_owner": "compute:nova",
            "dns_assignment": [
              {
                "fqdn": "worker1.rdulinux.com.",
                "hostname": "worker1",
                "ip_address": "10.0.1.109"
              }
            ],
            "dns_name": "worker1",
            "extra_dhcp_option": [],
            "fixed_ip": [
              {
                "ip_address": "",
                "subnet_id": "c08672fb-66ed-4239-a4ba-3c298d9dbb01"
              }
            ],
            "id": "82a8e7c0-ea2f-462d-94f2-f0b5f295b3c7",
            "mac_address": "fa:16:3e:e2:39:6e",
            "name": "worker1-port",
            "network_id": "f0b762d2-b882-4204-8ff6-bc6b1be50db6",
            "no_fixed_ip": null,
            "no_security_groups": null,
            "port_security_enabled": true,
            "qos_policy_id": "",
            "region": "RegionOne",
            "security_group_ids": null,
            "tags": [],
            "tenant_id": "a28753a842ae42698c17d8ae328acba9",
            "timeouts": null,
            "value_specs": null
          },
          "sensitive_attributes": [],
          "identity_schema_version": 0,
          "private": "eyJlMmJmYjczMC1lY2FhLTExZTYtOGY4OC0zNDM2M2JjN2M0YzAiOnsiY3JlYXRlIjo2MDAwMDAwMDAwMDAsImRlbGV0ZSI6NjAwMDAwMDAwMDAwfX0=",
          "dependencies": [
            "data.terraform_remote_state.infra"
          ]
        },
        {
          "index_key": "worker2",
          "schema_version": 0,
          "attributes": {
            "admin_state_up": true,
            "all_fixed_ips": [
              "10.0.1.115"
            ],
            "all_security_group_ids": [
              "49d6f40b-3410-4255-a12b-43f675ef1daa"
            ],
            "all_tags": [],
            "allowed_address_pairs": [],
            "binding": [
              {
                "host_id": "c3",
                "profile": "{}",
                "vif_details": {
                  "bound_drivers": "{\"0\":\"openvswitch\"}",
                  "bridge_name": "br-int",
                  "connectivity": "l2",
                  "datapath_type": "system",
                  "ovs_hybrid_plug": "true",
                  "port_filter": "true"
                },
                "vif_type": "ovs",
                "vnic_type": "normal"
              }
            ],
            "description": "",
            "device_id": "35351dbd-d02a-4b14-aadc-50a11967c5b6",
            "device_owner": "compute:nova",
            "dns_assignment": [
              {
                "fqdn": "worker2.rdulinux.com.",
                "hostname": "worker2",
                "ip_address": "10.0.1.115"
              }
            ],
            "dns_name": "worker2",
            "extra_dhcp_option": [],
            "fixed_ip": [
              {
                "ip_address": "",
                "subnet_id": "c08672fb-66ed-4239-a4ba-3c298d9dbb01"
              }
            ],
            "id": "cb774bc9-a59e-482c-84ea-1f9e347cbc26",
            "mac_address": "fa:16:3e:d1:61:0c",
            "name": "worker2-port",
            "network_id": "f0b762d2-b882-4204-8ff6-bc6b1be50db6",
            "no_fixed_ip": null,
            "no_security_groups": null,
            "port_security_enabled": true,
            "qos_policy_id": "",
            "region": "RegionOne",
            "security_group_ids": null,
            "tags": [],
            "tenant_id": "a28753a842ae42698c17d8ae328acba9",
            "timeouts": null,
            "value_specs": null
          },
          "sensitive_attributes": [],
          "identity_schema_version": 0,
          "private": "eyJlMmJmYjczMC1lY2FhLTExZTYtOGY4OC0zNDM2M2JjN2M0YzAiOnsiY3JlYXRlIjo2MDAwMDAwMDAwMDAsImRlbGV0ZSI6NjAwMDAwMDAwMDAwfX0=",
          "dependencies": [
            "data.terraform_remote_state.infra"
          ]
        },
        {
          "index_key": "worker3",
          "schema_version": 0,
          "attributes": {
            "admin_state_up": true,
            "all_fixed_ips": [
              "10.0.1.95"
            ],
            "all_security_group_ids": [
              "49d6f40b-3410-4255-a12b-43f675ef1daa"
            ],
            "all_tags": [],
            "allowed_address_pairs": [],
            "binding": [
              {
                "host_id": "c3",
                "profile": "{}",
                "vif_details": {
                  "bound_drivers": "{\"0\":\"openvswitch\"}",
                  "bridge_name": "br-int",
                  "connectivity": "l2",
                  "datapath_type": "system",
                  "ovs_hybrid_plug": "true",
                  "port_filter": "true"
                },
                "vif_type": "ovs",
                "vnic_type": "normal"
              }
            ],
            "description": "",
            "device_id": "ded2c3d5-247d-4ee4-a7ad-7097c95817fe",
            "device_owner": "compute:nova",
            "dns_assignment": [
              {
                "fqdn": "worker3.rdulinux.com.",
                "hostname": "worker3",
                "ip_address": "10.0.1.95"
              }
            ],
            "dns_name": "worker3",
            "extra_dhcp_option": [],
            "fixed_ip": [
              {
                "ip_address": "",
                "subnet_id": "c08672fb-66ed-4239-a4ba-3c298d9dbb01"
              }
            ],
            "id": "6e62c53a-f78b-4484-ac61-b5e54a2b02df",
            "mac_address": "fa:16:3e:72:75:b0",
            "name": "worker3-port",
            "network_id": "f0b762d2-b882-4204-8ff6-bc6b1be50db6",
            "no_fixed_ip": null,
            "no_security_groups": null,
            "port_security_enabled": true,
            "qos_policy_id": "",
            "region": "RegionOne",
            "security_group_ids": null,
            "tags": [],
            "tenant_id": "a28753a842ae42698c17d8ae328acba9",
            "timeouts": null,
            "value_specs": null
          },
          "sensitive_attributes": [],
          "identity_schema_version": 0,
          "private": "eyJlMmJmYjczMC1lY2FhLTExZTYtOGY4OC0zNDM2M2JjN2M0YzAiOnsiY3JlYXRlIjo2MDAwMDAwMDAwMDAsImRlbGV0ZSI6NjAwMDAwMDAwMDAwfX0=",
          "dependencies": [
            "data.terraform_remote_state.infra"
          ]
        },
        {
          "index_key": "worker4",
          "schema_version": 0,
          "attributes": {
            "admin_state_up": true,
            "all_fixed_ips": [
              "10.0.1.71"
            ],
            "all_security_group_ids": [
              "49d6f40b-3410-4255-a12b-43f675ef1daa"
            ],
            "all_tags": [],
            "allowed_address_pairs": [],
            "binding": [
              {
                "host_id": "c3",
                "profile": "{}",
                "vif_details": {
                  "bound_drivers": "{\"0\":\"openvswitch\"}",
                  "bridge_name": "br-int",
                  "connectivity": "l2",
                  "datapath_type": "system",
                  "ovs_hybrid_plug": "true",
                  "port_filter": "true"
                },
                "vif_type": "ovs",
                "vnic_type": "normal"
              }
            ],
            "description": "",
            "device_id": "654ac950-843a-46ac-a2ce-8ef7d7e2714e",
            "device_owner": "compute:nova",
            "dns_assignment": [
              {
                "fqdn": "worker4.rdulinux.com.",
                "hostname": "worker4",
                "ip_address": "10.0.1.71"
              }
            ],
            "dns_name": "worker4",
            "extra_dhcp_option": [],
            "fixed_ip": [
              {
                "ip_address": "",
                "subnet_id": "c08672fb-66ed-4239-a4ba-3c298d9dbb01"
              }
            ],
            "id": "8bb64ee7-10e5-4229-8781-32ec60e12b20",
            "mac_address": "fa:16:3e:52:f6:3a",
            "name": "worker4-port",
            "network_id": "f0b762d2-b882-4204-8ff6-bc6b1be50db6",
            "no_fixed_ip": null,
            "no_security_groups": null,
            "port_security_enabled": true,
            "qos_policy_id": "",
            "region": "RegionOne",
            "security_group_ids": null,
            "tags": [],
            "tenant_id": "a28753a842ae42698c17d8ae328acba9",
            "timeouts": null,
            "value_specs": null
          },
          "sensitive_attributes": [],
          "identity_schema_version": 0,
          "private": "eyJlMmJmYjczMC1lY2FhLTExZTYtOGY4OC0zNDM2M2JjN2M0YzAiOnsiY3JlYXRlIjo2MDAwMDAwMDAwMDAsImRlbGV0ZSI6NjAwMDAwMDAwMDAwfX0=",
          "dependencies": [
            "data.terraform_remote_state.infra"
          ]
        },
        {
          "index_key": "worker5",
          "schema_version": 0,
          "attributes": {
            "admin_state_up": true,
            "all_fixed_ips": [
              "10.0.1.85"
            ],
            "all_security_group_ids": [
              "49d6f40b-3410-4255-a12b-43f675ef1daa"
            ],
            "all_tags": [],
            "allowed_address_pairs": [],
            "binding": [
              {
                "host_id": "c3",
                "profile": "{}",
                "vif_details": {
                  "bound_drivers": "{\"0\":\"openvswitch\"}",
                  "bridge_name": "br-int",
                  "connectivity": "l2",
                  "datapath_type": "system",
                  "ovs_hybrid_plug": "true",
                  "port_filter": "true"
                },
                "vif_type": "ovs",
                "vnic_type": "normal"
              }
            ],
            "description": "",
            "device_id": "34f38d52-68fa-4add-8d87-e15299a007c4",
            "device_owner": "compute:nova",
            "dns_assignment": [
              {
                "fqdn": "worker5.rdulinux.com.",
                "hostname": "worker5",
                "ip_address": "10.0.1.85"
              }
            ],
            "dns_name": "worker5",
            "extra_dhcp_option": [],
            "fixed_ip": [
              {
                "ip_address": "",
                "subnet_id": "c08672fb-66ed-4239-a4ba-3c298d9dbb01"
              }
            ],
            "id": "a8a36675-9908-4152-b227-35f49a4fccce",
            "mac_address": "fa:16:3e:c6:d1:8e",
            "name": "worker5-port",
            "network_id": "f0b762d2-b882-4204-8ff6-bc6b1be50db6",
            "no_fixed_ip": null,
            "no_security_groups": null,
            "port_security_enabled": true,
            "qos_policy_id": "",
            "region": "RegionOne",
            "security_group_ids": null,
            "tags": [],
            "tenant_id": "a28753a842ae42698c17d8ae328acba9",
            "timeouts": null,
            "value_specs": null
          },
          "sensitive_attributes": [],
          "identity_schema_version": 0,
          "private": "eyJlMmJmYjczMC1lY2FhLTExZTYtOGY4OC0zNDM2M2JjN2M0YzAiOnsiY3JlYXRlIjo2MDAwMDAwMDAwMDAsImRlbGV0ZSI6NjAwMDAwMDAwMDAwfX0=",
          "dependencies": [
            "data.terraform_remote_state.infra"
          ]
        }
      ]
    },
    {
      "module": "module.dns_records",
      "mode": "managed",
      "type": "openstack_dns_recordset_v2",
      "name": "forward_records",
      "provider": "provider[\"registry.terraform.io/terraform-provider-openstack/openstack\"]",
      "instances": [
        {
          "index_key": 0,
          "schema_version": 0,
          "attributes": {
            "description": "",
            "disable_status_check": false,
            "id": "b07a46de-76cf-4ad8-b794-b4d49948c250/4ef9d94e-ae84-4925-897f-6db51309b21e",
            "name": "controller.rdulinux.com.",
            "project_id": "a28753a842ae42698c17d8ae328acba9",
            "records": [
              "192.168.2.160"
            ],
            "region": "RegionOne",
            "timeouts": null,
            "ttl": 0,
            "type": "A",
            "value_specs": null,
            "zone_id": "b07a46de-76cf-4ad8-b794-b4d49948c250"
          },
          "sensitive_attributes": [],
          "identity_schema_version": 0,
          "private": "eyJlMmJmYjczMC1lY2FhLTExZTYtOGY4OC0zNDM2M2JjN2M0YzAiOnsiY3JlYXRlIjo2MDAwMDAwMDAwMDAsImRlbGV0ZSI6NjAwMDAwMDAwMDAwLCJ1cGRhdGUiOjYwMDAwMDAwMDAwMH19",
          "dependencies": [
            "data.terraform_remote_state.infra",
            "module.compute.openstack_networking_floatingip_v2.fips"
          ]
        },
        {
          "index_key": 1,
          "schema_version": 0,
          "attributes": {
            "description": "",
            "disable_status_check": false,
            "id": "b07a46de-76cf-4ad8-b794-b4d49948c250/8597347d-ac81-46bc-a07d-65caf3bcbcbf",
            "name": "rancher.rdulinux.com.",
            "project_id": "a28753a842ae42698c17d8ae328acba9",
            "records": [
              "192.168.2.136"
            ],
            "region": "RegionOne",
            "timeouts": null,
            "ttl": 0,
            "type": "A",
            "value_specs": null,
            "zone_id": "b07a46de-76cf-4ad8-b794-b4d49948c250"
          },
          "sensitive_attributes": [],
          "identity_schema_version": 0,
          "private": "eyJlMmJmYjczMC1lY2FhLTExZTYtOGY4OC0zNDM2M2JjN2M0YzAiOnsiY3JlYXRlIjo2MDAwMDAwMDAwMDAsImRlbGV0ZSI6NjAwMDAwMDAwMDAwLCJ1cGRhdGUiOjYwMDAwMDAwMDAwMH19",
          "dependencies": [
            "data.terraform_remote_state.infra",
            "module.compute.openstack_networking_floatingip_v2.fips"
          ]
        },
        {
          "index_key": 2,
          "schema_version": 0,
          "attributes": {
            "description": "",
            "disable_status_check": false,
            "id": "b07a46de-76cf-4ad8-b794-b4d49948c250/231d9612-7f1a-4f5e-9935-9fd0c715ce01",
            "name": "worker1.rdulinux.com.",
            "project_id": "a28753a842ae42698c17d8ae328acba9",
            "records": [
              "192.168.2.172"
            ],
            "region": "RegionOne",
            "timeouts": null,
            "ttl": 0,
            "type": "A",
            "value_specs": null,
            "zone_id": "b07a46de-76cf-4ad8-b794-b4d49948c250"
          },
          "sensitive_attributes": [],
          "identity_schema_version": 0,
          "private": "eyJlMmJmYjczMC1lY2FhLTExZTYtOGY4OC0zNDM2M2JjN2M0YzAiOnsiY3JlYXRlIjo2MDAwMDAwMDAwMDAsImRlbGV0ZSI6NjAwMDAwMDAwMDAwLCJ1cGRhdGUiOjYwMDAwMDAwMDAwMH19",
          "dependencies": [
            "data.terraform_remote_state.infra",
            "module.compute.openstack_networking_floatingip_v2.fips"
          ]
        },
        {
          "index_key": 3,
          "schema_version": 0,
          "attributes": {
            "description": "",
            "disable_status_check": false,
            "id": "b07a46de-76cf-4ad8-b794-b4d49948c250/991cb06e-b5d0-4bac-b712-3424df38cf37",
            "name": "worker2.rdulinux.com.",
            "project_id": "a28753a842ae42698c17d8ae328acba9",
            "records": [
              "192.168.2.164"
            ],
            "region": "RegionOne",
            "timeouts": null,
            "ttl": 0,
            "type": "A",
            "value_specs": null,
            "zone_id": "b07a46de-76cf-4ad8-b794-b4d49948c250"
          },
          "sensitive_attributes": [],
          "identity_schema_version": 0,
          "private": "eyJlMmJmYjczMC1lY2FhLTExZTYtOGY4OC0zNDM2M2JjN2M0YzAiOnsiY3JlYXRlIjo2MDAwMDAwMDAwMDAsImRlbGV0ZSI6NjAwMDAwMDAwMDAwLCJ1cGRhdGUiOjYwMDAwMDAwMDAwMH19",
          "dependencies": [
            "data.terraform_remote_state.infra",
            "module.compute.openstack_networking_floatingip_v2.fips"
          ]
        },
        {
          "index_key": 4,
          "schema_version": 0,
          "attributes": {
            "description": "",
            "disable_status_check": false,
            "id": "b07a46de-76cf-4ad8-b794-b4d49948c250/2328105b-7025-49ca-8235-59de80edb7f9",
            "name": "worker3.rdulinux.com.",
            "project_id": "a28753a842ae42698c17d8ae328acba9",
            "records": [
              "192.168.2.184"
            ],
            "region": "RegionOne",
            "timeouts": null,
            "ttl": 0,
            "type": "A",
            "value_specs": null,
            "zone_id": "b07a46de-76cf-4ad8-b794-b4d49948c250"
          },
          "sensitive_attributes": [],
          "identity_schema_version": 0,
          "private": "eyJlMmJmYjczMC1lY2FhLTExZTYtOGY4OC0zNDM2M2JjN2M0YzAiOnsiY3JlYXRlIjo2MDAwMDAwMDAwMDAsImRlbGV0ZSI6NjAwMDAwMDAwMDAwLCJ1cGRhdGUiOjYwMDAwMDAwMDAwMH19",
          "dependencies": [
            "data.terraform_remote_state.infra",
            "module.compute.openstack_networking_floatingip_v2.fips"
          ]
        },
        {
          "index_key": 5,
          "schema_version": 0,
          "attributes": {
            "description": "",
            "disable_status_check": false,
            "id": "b07a46de-76cf-4ad8-b794-b4d49948c250/f18bb9c1-4c19-4a20-a65d-5ef71ae19ea0",
            "name": "worker4.rdulinux.com.",
            "project_id": "a28753a842ae42698c17d8ae328acba9",
            "records": [
              "192.168.2.103"
            ],
            "region": "RegionOne",
            "timeouts": null,
            "ttl": 0,
            "type": "A",
            "value_specs": null,
            "zone_id": "b07a46de-76cf-4ad8-b794-b4d49948c250"
          },
          "sensitive_attributes": [],
          "identity_schema_version": 0,
          "private": "eyJlMmJmYjczMC1lY2FhLTExZTYtOGY4OC0zNDM2M2JjN2M0YzAiOnsiY3JlYXRlIjo2MDAwMDAwMDAwMDAsImRlbGV0ZSI6NjAwMDAwMDAwMDAwLCJ1cGRhdGUiOjYwMDAwMDAwMDAwMH19",
          "dependencies": [
            "data.terraform_remote_state.infra",
            "module.compute.openstack_networking_floatingip_v2.fips"
          ]
        },
        {
          "index_key": 6,
          "schema_version": 0,
          "attributes": {
            "description": "",
            "disable_status_check": false,
            "id": "b07a46de-76cf-4ad8-b794-b4d49948c250/3f739d3a-f4c7-4f53-bc84-34bda608a18a",
            "name": "worker5.rdulinux.com.",
            "project_id": "a28753a842ae42698c17d8ae328acba9",
            "records": [
              "192.168.2.153"
            ],
            "region": "RegionOne",
            "timeouts": null,
            "ttl": 0,
            "type": "A",
            "value_specs": null,
            "zone_id": "b07a46de-76cf-4ad8-b794-b4d49948c250"
          },
          "sensitive_attributes": [],
          "identity_schema_version": 0,
          "private": "eyJlMmJmYjczMC1lY2FhLTExZTYtOGY4OC0zNDM2M2JjN2M0YzAiOnsiY3JlYXRlIjo2MDAwMDAwMDAwMDAsImRlbGV0ZSI6NjAwMDAwMDAwMDAwLCJ1cGRhdGUiOjYwMDAwMDAwMDAwMH19",
          "dependencies": [
            "data.terraform_remote_state.infra",
            "module.compute.openstack_networking_floatingip_v2.fips"
          ]
        }
      ]
    },
    {
      "module": "module.dns_records",
      "mode": "managed",
      "type": "openstack_dns_recordset_v2",
      "name": "ptr_records",
      "provider": "provider[\"registry.terraform.io/terraform-provider-openstack/openstack\"]",
      "instances": [
        {
          "index_key": 0,
          "schema_version": 0,
          "attributes": {
            "description": "",
            "disable_status_check": false,
            "id": "beca7e28-33d3-45ae-8e5e-ada05f40a076/8eafbce2-0016-4d4c-a91d-c45545194b36",
            "name": "160.2.168.192.in-addr.arpa.",
            "project_id": "a28753a842ae42698c17d8ae328acba9",
            "records": [
              "controller.rdulinux.com."
            ],
            "region": "RegionOne",
            "timeouts": null,
            "ttl": 0,
            "type": "PTR",
            "value_specs": null,
            "zone_id": "beca7e28-33d3-45ae-8e5e-ada05f40a076"
          },
          "sensitive_attributes": [],
          "identity_schema_version": 0,
          "private": "eyJlMmJmYjczMC1lY2FhLTExZTYtOGY4OC0zNDM2M2JjN2M0YzAiOnsiY3JlYXRlIjo2MDAwMDAwMDAwMDAsImRlbGV0ZSI6NjAwMDAwMDAwMDAwLCJ1cGRhdGUiOjYwMDAwMDAwMDAwMH19",
          "dependencies": [
            "data.terraform_remote_state.infra",
            "module.compute.openstack_networking_floatingip_v2.fips"
          ]
        },
        {
          "index_key": 1,
          "schema_version": 0,
          "attributes": {
            "description": "",
            "disable_status_check": false,
            "id": "beca7e28-33d3-45ae-8e5e-ada05f40a076/4bd570f5-0461-438a-a2ab-ab089467f904",
            "name": "136.2.168.192.in-addr.arpa.",
            "project_id": "a28753a842ae42698c17d8ae328acba9",
            "records": [
              "rancher.rdulinux.com."
            ],
            "region": "RegionOne",
            "timeouts": null,
            "ttl": 0,
            "type": "PTR",
            "value_specs": null,
            "zone_id": "beca7e28-33d3-45ae-8e5e-ada05f40a076"
          },
          "sensitive_attributes": [],
          "identity_schema_version": 0,
          "private": "eyJlMmJmYjczMC1lY2FhLTExZTYtOGY4OC0zNDM2M2JjN2M0YzAiOnsiY3JlYXRlIjo2MDAwMDAwMDAwMDAsImRlbGV0ZSI6NjAwMDAwMDAwMDAwLCJ1cGRhdGUiOjYwMDAwMDAwMDAwMH19",
          "dependencies": [
            "data.terraform_remote_state.infra",
            "module.compute.openstack_networking_floatingip_v2.fips"
          ]
        },
        {
          "index_key": 2,
          "schema_version": 0,
          "attributes": {
            "description": "",
            "disable_status_check": false,
            "id": "beca7e28-33d3-45ae-8e5e-ada05f40a076/3cf2cc52-7dbf-45a5-b521-fcae36cbaeb8",
            "name": "172.2.168.192.in-addr.arpa.",
            "project_id": "a28753a842ae42698c17d8ae328acba9",
            "records": [
              "worker1.rdulinux.com."
            ],
            "region": "RegionOne",
            "timeouts": null,
            "ttl": 0,
            "type": "PTR",
            "value_specs": null,
            "zone_id": "beca7e28-33d3-45ae-8e5e-ada05f40a076"
          },
          "sensitive_attributes": [],
          "identity_schema_version": 0,
          "private": "eyJlMmJmYjczMC1lY2FhLTExZTYtOGY4OC0zNDM2M2JjN2M0YzAiOnsiY3JlYXRlIjo2MDAwMDAwMDAwMDAsImRlbGV0ZSI6NjAwMDAwMDAwMDAwLCJ1cGRhdGUiOjYwMDAwMDAwMDAwMH19",
          "dependencies": [
            "data.terraform_remote_state.infra",
            "module.compute.openstack_networking_floatingip_v2.fips"
          ]
        },
        {
          "index_key": 3,
          "schema_version": 0,
          "attributes": {
            "description": "",
            "disable_status_check": false,
            "id": "beca7e28-33d3-45ae-8e5e-ada05f40a076/b7957b52-199e-4524-875e-033cbb14df65",
            "name": "164.2.168.192.in-addr.arpa.",
            "project_id": "a28753a842ae42698c17d8ae328acba9",
            "records": [
              "worker2.rdulinux.com."
            ],
            "region": "RegionOne",
            "timeouts": null,
            "ttl": 0,
            "type": "PTR",
            "value_specs": null,
            "zone_id": "beca7e28-33d3-45ae-8e5e-ada05f40a076"
          },
          "sensitive_attributes": [],
          "identity_schema_version": 0,
          "private": "eyJlMmJmYjczMC1lY2FhLTExZTYtOGY4OC0zNDM2M2JjN2M0YzAiOnsiY3JlYXRlIjo2MDAwMDAwMDAwMDAsImRlbGV0ZSI6NjAwMDAwMDAwMDAwLCJ1cGRhdGUiOjYwMDAwMDAwMDAwMH19",
          "dependencies": [
            "data.terraform_remote_state.infra",
            "module.compute.openstack_networking_floatingip_v2.fips"
          ]
        },
        {
          "index_key": 4,
          "schema_version": 0,
          "attributes": {
            "description": "",
            "disable_status_check": false,
            "id": "beca7e28-33d3-45ae-8e5e-ada05f40a076/2a8aad59-202e-4025-9c3a-1eb9bdc58db5",
            "name": "184.2.168.192.in-addr.arpa.",
            "project_id": "a28753a842ae42698c17d8ae328acba9",
            "records": [
              "worker3.rdulinux.com."
            ],
            "region": "RegionOne",
            "timeouts": null,
            "ttl": 0,
            "type": "PTR",
            "value_specs": null,
            "zone_id": "beca7e28-33d3-45ae-8e5e-ada05f40a076"
          },
          "sensitive_attributes": [],
          "identity_schema_version": 0,
          "private": "eyJlMmJmYjczMC1lY2FhLTExZTYtOGY4OC0zNDM2M2JjN2M0YzAiOnsiY3JlYXRlIjo2MDAwMDAwMDAwMDAsImRlbGV0ZSI6NjAwMDAwMDAwMDAwLCJ1cGRhdGUiOjYwMDAwMDAwMDAwMH19",
          "dependencies": [
            "data.terraform_remote_state.infra",
            "module.compute.openstack_networking_floatingip_v2.fips"
          ]
        },
        {
          "index_key": 5,
          "schema_version": 0,
          "attributes": {
            "description": "",
            "disable_status_check": false,
            "id": "beca7e28-33d3-45ae-8e5e-ada05f40a076/822fce55-0e08-4886-96b7-06a7d79270d1",
            "name": "103.2.168.192.in-addr.arpa.",
            "project_id": "a28753a842ae42698c17d8ae328acba9",
            "records": [
              "worker4.rdulinux.com."
            ],
            "region": "RegionOne",
            "timeouts": null,
            "ttl": 0,
            "type": "PTR",
            "value_specs": null,
            "zone_id": "beca7e28-33d3-45ae-8e5e-ada05f40a076"
          },
          "sensitive_attributes": [],
          "identity_schema_version": 0,
          "private": "eyJlMmJmYjczMC1lY2FhLTExZTYtOGY4OC0zNDM2M2JjN2M0YzAiOnsiY3JlYXRlIjo2MDAwMDAwMDAwMDAsImRlbGV0ZSI6NjAwMDAwMDAwMDAwLCJ1cGRhdGUiOjYwMDAwMDAwMDAwMH19",
          "dependencies": [
            "data.terraform_remote_state.infra",
            "module.compute.openstack_networking_floatingip_v2.fips"
          ]
        },
        {
          "index_key": 6,
          "schema_version": 0,
          "attributes": {
            "description": "",
            "disable_status_check": false,
            "id": "beca7e28-33d3-45ae-8e5e-ada05f40a076/77907cc8-d813-4d34-a5e1-c6e7953475dc",
            "name": "153.2.168.192.in-addr.arpa.",
            "project_id": "a28753a842ae42698c17d8ae328acba9",
            "records": [
              "worker5.rdulinux.com."
            ],
            "region": "RegionOne",
            "timeouts": null,
            "ttl": 0,
            "type": "PTR",
            "value_specs": null,
            "zone_id": "beca7e28-33d3-45ae-8e5e-ada05f40a076"
          },
          "sensitive_attributes": [],
          "identity_schema_version": 0,
          "private": "eyJlMmJmYjczMC1lY2FhLTExZTYtOGY4OC0zNDM2M2JjN2M0YzAiOnsiY3JlYXRlIjo2MDAwMDAwMDAwMDAsImRlbGV0ZSI6NjAwMDAwMDAwMDAwLCJ1cGRhdGUiOjYwMDAwMDAwMDAwMH19",
          "dependencies": [
            "data.terraform_remote_state.infra",
            "module.compute.openstack_networking_floatingip_v2.fips"
          ]
        }
      ]
    }
  ],
  "check_results": null
}
