{
  "version": 4,
  "terraform_version": "1.13.5",
  "serial": 972,
  "lineage": "f04706f9-101f-ef2e-adee-36da71f4d283",
  "outputs": {
    "dns_forward_records": {
      "value": [
        "controller.rdulinux.com."
      ],
      "type": [
        "tuple",
        [
          "string"
        ]
      ]
    },
    "dns_reverse_records": {
      "value": [
        "183.2.168.192.in-addr.arpa."
      ],
      "type": [
        "tuple",
        [
          "string"
        ]
      ]
    },
    "floating_ips": {
      "value": [
        "192.168.2.183"
      ],
      "type": [
        "tuple",
        [
          "string"
        ]
      ]
    },
    "vm_names": {
      "value": [
        "controller"
      ],
      "type": [
        "list",
        "string"
      ]
    }
  },
  "resources": [
    {
      "mode": "data",
      "type": "terraform_remote_state",
      "name": "infra",
      "provider": "provider[\"terraform.io/builtin/terraform\"]",
      "instances": [
        {
          "schema_version": 0,
          "attributes": {
            "backend": "local",
            "config": {
              "value": {
                "path": "../infra/terraform.tfstate"
              },
              "type": [
                "object",
                {
                  "path": "string"
                }
              ]
            },
            "defaults": null,
            "outputs": {
              "value": {
                "dns_forward_zone_id": "b07a46de-76cf-4ad8-b794-b4d49948c250",
                "dns_reverse_zone_id": "beca7e28-33d3-45ae-8e5e-ada05f40a076",
                "external_network_name": "external_network",
                "keypair_name": "default-key",
                "private_network_id": "f0b762d2-b882-4204-8ff6-bc6b1be50db6",
                "private_subnet_id": "c08672fb-66ed-4239-a4ba-3c298d9dbb01",
                "reverse_zone_name": "2.168.192.in-addr.arpa."
              },
              "type": [
                "object",
                {
                  "dns_forward_zone_id": "string",
                  "dns_reverse_zone_id": "string",
                  "external_network_name": "string",
                  "keypair_name": "string",
                  "private_network_id": "string",
                  "private_subnet_id": "string",
                  "reverse_zone_name": "string"
                }
              ]
            },
            "workspace": null
          },
          "sensitive_attributes": [],
          "identity_schema_version": 0
        }
      ]
    },
    {
      "module": "module.compute",
      "mode": "managed",
      "type": "openstack_compute_floatingip_associate_v2",
      "name": "fip_assoc",
      "provider": "provider[\"registry.terraform.io/terraform-provider-openstack/openstack\"]",
      "instances": [
        {
          "index_key": "controller",
          "schema_version": 0,
          "attributes": {
            "fixed_ip": "",
            "floating_ip": "192.168.2.183",
            "id": "192.168.2.183/b27439c6-ab16-451a-bd2d-0e1cfe9f49c5/",
            "instance_id": "b27439c6-ab16-451a-bd2d-0e1cfe9f49c5",
            "region": "RegionOne",
            "timeouts": null,
            "wait_until_associated": null
          },
          "sensitive_attributes": [],
          "identity_schema_version": 0,
          "private": "eyJlMmJmYjczMC1lY2FhLTExZTYtOGY4OC0zNDM2M2JjN2M0YzAiOnsiY3JlYXRlIjo2MDAwMDAwMDAwMDB9fQ==",
          "dependencies": [
            "data.terraform_remote_state.infra",
            "module.compute.openstack_compute_instance_v2.vms",
            "module.compute.openstack_networking_floatingip_v2.fips",
            "module.compute.openstack_networking_port_v2.ports"
          ]
        }
      ]
    },
    {
      "module": "module.compute",
      "mode": "managed",
      "type": "openstack_compute_instance_v2",
      "name": "vms",
      "provider": "provider[\"registry.terraform.io/terraform-provider-openstack/openstack\"]",
      "instances": [
        {
          "index_key": "controller",
          "schema_version": 0,
          "attributes": {
            "access_ip_v4": "10.0.1.168",
            "access_ip_v6": "",
            "admin_pass": null,
            "all_metadata": {},
            "all_tags": [],
            "availability_zone": "nova",
            "availability_zone_hints": null,
            "block_device": [],
            "config_drive": null,
            "flavor_id": "3",
            "flavor_name": "m1.medium",
            "floating_ip": null,
            "force_delete": false,
            "id": "b27439c6-ab16-451a-bd2d-0e1cfe9f49c5",
            "image_id": "8b7c27d4-8da6-4763-84f8-5cbb828276d6",
            "image_name": "ubuntu2204",
            "key_pair": "default-key",
            "metadata": null,
            "name": "controller",
            "network": [
              {
                "access_network": false,
                "fixed_ip_v4": "10.0.1.168",
                "fixed_ip_v6": "",
                "floating_ip": "",
                "mac": "fa:16:3e:92:a6:06",
                "name": "private_network",
                "port": "b8acb02f-96e4-4016-94c0-3528f0b04649",
                "uuid": "f0b762d2-b882-4204-8ff6-bc6b1be50db6"
              }
            ],
            "network_mode": null,
            "personality": [],
            "power_state": "active",
            "region": "RegionOne",
            "scheduler_hints": [],
            "security_groups": [
              "default"
            ],
            "stop_before_destroy": false,
            "tags": null,
            "timeouts": null,
            "user_data": "44f7d8051dd680c26723fab2bcd69760cce84d5e",
            "vendor_options": [],
            "volume": []
          },
          "sensitive_attributes": [
            [
              {
                "type": "get_attr",
                "value": "admin_pass"
              }
            ]
          ],
          "identity_schema_version": 0,
          "private": "eyJlMmJmYjczMC1lY2FhLTExZTYtOGY4OC0zNDM2M2JjN2M0YzAiOnsiY3JlYXRlIjoxODAwMDAwMDAwMDAwLCJkZWxldGUiOjE4MDAwMDAwMDAwMDAsInVwZGF0ZSI6MTgwMDAwMDAwMDAwMH19",
          "dependencies": [
            "data.terraform_remote_state.infra",
            "module.compute.openstack_networking_port_v2.ports"
          ]
        }
      ]
    },
    {
      "module": "module.compute",
      "mode": "managed",
      "type": "openstack_networking_floatingip_v2",
      "name": "fips",
      "provider": "provider[\"registry.terraform.io/terraform-provider-openstack/openstack\"]",
      "instances": [
        {
          "index_key": "controller",
          "schema_version": 0,
          "attributes": {
            "address": "192.168.2.183",
            "all_tags": [],
            "description": "",
            "dns_domain": "",
            "dns_name": "",
            "fixed_ip": "",
            "id": "a3a54cdc-75b1-4506-b9ac-9bb56bf8c048",
            "pool": "external_network",
            "port_id": "",
            "region": "RegionOne",
            "subnet_id": null,
            "subnet_ids": null,
            "tags": null,
            "tenant_id": "a28753a842ae42698c17d8ae328acba9",
            "timeouts": null,
            "value_specs": null
          },
          "sensitive_attributes": [],
          "identity_schema_version": 0,
          "private": "eyJlMmJmYjczMC1lY2FhLTExZTYtOGY4OC0zNDM2M2JjN2M0YzAiOnsiY3JlYXRlIjo2MDAwMDAwMDAwMDAsImRlbGV0ZSI6NjAwMDAwMDAwMDAwfX0=",
          "dependencies": [
            "data.terraform_remote_state.infra"
          ]
        }
      ]
    },
    {
      "module": "module.compute",
      "mode": "managed",
      "type": "openstack_networking_port_v2",
      "name": "ports",
      "provider": "provider[\"registry.terraform.io/terraform-provider-openstack/openstack\"]",
      "instances": [
        {
          "index_key": "controller",
          "schema_version": 0,
          "attributes": {
            "admin_state_up": true,
            "all_fixed_ips": [
              "10.0.1.168"
            ],
            "all_security_group_ids": [
              "49d6f40b-3410-4255-a12b-43f675ef1daa"
            ],
            "all_tags": [],
            "allowed_address_pairs": [],
            "binding": [
              {
                "host_id": "",
                "profile": "{}",
                "vif_details": {},
                "vif_type": "unbound",
                "vnic_type": "normal"
              }
            ],
            "description": "",
            "device_id": "",
            "device_owner": "",
            "dns_assignment": [
              {
                "fqdn": "host-10-0-1-168.rdulinux.com.",
                "hostname": "host-10-0-1-168",
                "ip_address": "10.0.1.168"
              }
            ],
            "dns_name": "",
            "extra_dhcp_option": [],
            "fixed_ip": [
              {
                "ip_address": "",
                "subnet_id": "c08672fb-66ed-4239-a4ba-3c298d9dbb01"
              }
            ],
            "id": "b8acb02f-96e4-4016-94c0-3528f0b04649",
            "mac_address": "fa:16:3e:92:a6:06",
            "name": "controller-port",
            "network_id": "f0b762d2-b882-4204-8ff6-bc6b1be50db6",
            "no_fixed_ip": null,
            "no_security_groups": null,
            "port_security_enabled": true,
            "qos_policy_id": "",
            "region": "RegionOne",
            "security_group_ids": null,
            "tags": null,
            "tenant_id": "a28753a842ae42698c17d8ae328acba9",
            "timeouts": null,
            "value_specs": null
          },
          "sensitive_attributes": [],
          "identity_schema_version": 0,
          "private": "eyJlMmJmYjczMC1lY2FhLTExZTYtOGY4OC0zNDM2M2JjN2M0YzAiOnsiY3JlYXRlIjo2MDAwMDAwMDAwMDAsImRlbGV0ZSI6NjAwMDAwMDAwMDAwfX0=",
          "dependencies": [
            "data.terraform_remote_state.infra"
          ]
        }
      ]
    },
    {
      "module": "module.dns_records",
      "mode": "managed",
      "type": "openstack_dns_recordset_v2",
      "name": "forward_records",
      "provider": "provider[\"registry.terraform.io/terraform-provider-openstack/openstack\"]",
      "instances": [
        {
          "index_key": 0,
          "schema_version": 0,
          "attributes": {
            "description": "",
            "disable_status_check": false,
            "id": "b07a46de-76cf-4ad8-b794-b4d49948c250/43b914ae-82f1-40c0-b112-2a2e3e487fcf",
            "name": "controller.rdulinux.com.",
            "project_id": "a28753a842ae42698c17d8ae328acba9",
            "records": [
              "192.168.2.183"
            ],
            "region": "RegionOne",
            "timeouts": null,
            "ttl": 0,
            "type": "A",
            "value_specs": null,
            "zone_id": "b07a46de-76cf-4ad8-b794-b4d49948c250"
          },
          "sensitive_attributes": [],
          "identity_schema_version": 0,
          "private": "eyJlMmJmYjczMC1lY2FhLTExZTYtOGY4OC0zNDM2M2JjN2M0YzAiOnsiY3JlYXRlIjo2MDAwMDAwMDAwMDAsImRlbGV0ZSI6NjAwMDAwMDAwMDAwLCJ1cGRhdGUiOjYwMDAwMDAwMDAwMH19",
          "dependencies": [
            "data.terraform_remote_state.infra",
            "module.compute.openstack_networking_floatingip_v2.fips"
          ]
        }
      ]
    },
    {
      "module": "module.dns_records",
      "mode": "managed",
      "type": "openstack_dns_recordset_v2",
      "name": "ptr_records",
      "provider": "provider[\"registry.terraform.io/terraform-provider-openstack/openstack\"]",
      "instances": [
        {
          "index_key": 0,
          "schema_version": 0,
          "attributes": {
            "description": "",
            "disable_status_check": false,
            "id": "beca7e28-33d3-45ae-8e5e-ada05f40a076/d17288c1-aa20-41da-9274-74cb73e8f4e6",
            "name": "183.2.168.192.in-addr.arpa.",
            "project_id": "a28753a842ae42698c17d8ae328acba9",
            "records": [
              "controller.rdulinux.com."
            ],
            "region": "RegionOne",
            "timeouts": null,
            "ttl": 0,
            "type": "PTR",
            "value_specs": null,
            "zone_id": "beca7e28-33d3-45ae-8e5e-ada05f40a076"
          },
          "sensitive_attributes": [],
          "identity_schema_version": 0,
          "private": "eyJlMmJmYjczMC1lY2FhLTExZTYtOGY4OC0zNDM2M2JjN2M0YzAiOnsiY3JlYXRlIjo2MDAwMDAwMDAwMDAsImRlbGV0ZSI6NjAwMDAwMDAwMDAwLCJ1cGRhdGUiOjYwMDAwMDAwMDAwMH19",
          "dependencies": [
            "data.terraform_remote_state.infra",
            "module.compute.openstack_networking_floatingip_v2.fips"
          ]
        }
      ]
    }
  ],
  "check_results": null
}
