{
  "version": 4,
  "terraform_version": "1.9.4",
  "serial": 174,
  "lineage": "f0639d65-76f4-02c7-7784-1b3ee6362234",
  "outputs": {},
  "resources": [
    {
      "mode": "data",
      "type": "openstack_dns_zone_v2",
      "name": "rdulinux_zone",
      "provider": "provider[\"registry.terraform.io/terraform-provider-openstack/openstack\"]",
      "instances": [
        {
          "schema_version": 0,
          "attributes": {
            "all_projects": null,
            "attributes": {},
            "created_at": "2024-08-19T04:49:01Z",
            "description": "",
            "email": "openstack@rdulinux.com",
            "id": "6f3b126c-78ce-486c-b5b1-235b376aa854",
            "masters": [],
            "name": "rdulinux.com.",
            "pool_id": "794ccc2c-d751-44fe-b57f-8894c9f5c842",
            "project_id": "e7f72e331ddb4e988f42389e19fb804c",
            "region": "RegionOne",
            "serial": 1724663281,
            "status": "ACTIVE",
            "transferred_at": "0001-01-01T00:00:00Z",
            "ttl": 6000,
            "type": "PRIMARY",
            "updated_at": "2024-08-26T09:08:06Z",
            "version": 204
          },
          "sensitive_attributes": []
        }
      ]
    },
    {
      "mode": "data",
      "type": "openstack_dns_zone_v2",
      "name": "reverse_zone",
      "provider": "provider[\"registry.terraform.io/terraform-provider-openstack/openstack\"]",
      "instances": [
        {
          "schema_version": 0,
          "attributes": {
            "all_projects": null,
            "attributes": {},
            "created_at": "2024-08-19T04:49:01Z",
            "description": "",
            "email": "openstack@rdulinux.com",
            "id": "8dde2647-7d93-4b51-840f-0255306b6652",
            "masters": [],
            "name": "2.168.192.in-addr.arpa.",
            "pool_id": "794ccc2c-d751-44fe-b57f-8894c9f5c842",
            "project_id": "e7f72e331ddb4e988f42389e19fb804c",
            "region": "RegionOne",
            "serial": 1724663289,
            "status": "ACTIVE",
            "transferred_at": "0001-01-01T00:00:00Z",
            "ttl": 6000,
            "type": "PRIMARY",
            "updated_at": "2024-08-26T09:08:14Z",
            "version": 182
          },
          "sensitive_attributes": []
        }
      ]
    },
    {
      "mode": "managed",
      "type": "openstack_compute_floatingip_associate_v2",
      "name": "learn",
      "provider": "provider[\"registry.terraform.io/terraform-provider-openstack/openstack\"]",
      "instances": [
        {
          "index_key": "vm1",
          "schema_version": 0,
          "attributes": {
            "fixed_ip": "",
            "floating_ip": "192.168.2.114",
            "id": "192.168.2.114/594d2603-4e5f-4af6-bace-d43d6ce2789a/",
            "instance_id": "594d2603-4e5f-4af6-bace-d43d6ce2789a",
            "region": "RegionOne",
            "timeouts": null,
            "wait_until_associated": null
          },
          "sensitive_attributes": [],
          "private": "eyJlMmJmYjczMC1lY2FhLTExZTYtOGY4OC0zNDM2M2JjN2M0YzAiOnsiY3JlYXRlIjo2MDAwMDAwMDAwMDB9fQ==",
          "dependencies": [
            "data.openstack_dns_zone_v2.rdulinux_zone",
            "data.openstack_dns_zone_v2.reverse_zone",
            "openstack_compute_instance_v2.learn",
            "openstack_compute_secgroup_v2.learn",
            "openstack_networking_floatingip_v2.learn"
          ]
        }
      ]
    },
    {
      "mode": "managed",
      "type": "openstack_compute_instance_v2",
      "name": "learn",
      "provider": "provider[\"registry.terraform.io/terraform-provider-openstack/openstack\"]",
      "instances": [
        {
          "index_key": "vm1",
          "schema_version": 0,
          "attributes": {
            "access_ip_v4": "10.0.1.27",
            "access_ip_v6": "",
            "admin_pass": null,
            "all_metadata": {},
            "all_tags": [],
            "availability_zone": "nova",
            "availability_zone_hints": null,
            "block_device": [],
            "config_drive": null,
            "flavor_id": "2",
            "flavor_name": "m1.small",
            "floating_ip": null,
            "force_delete": false,
            "id": "594d2603-4e5f-4af6-bace-d43d6ce2789a",
            "image_id": "5fb2d151-c146-4be4-9c19-36ad8f2ff0a0",
            "image_name": "centos8",
            "key_pair": "learn",
            "metadata": null,
            "name": "learn",
            "network": [
              {
                "access_network": false,
                "fixed_ip_v4": "10.0.1.27",
                "fixed_ip_v6": "",
                "floating_ip": "",
                "mac": "fa:16:3e:5b:4f:bb",
                "name": "private_network",
                "port": "",
                "uuid": "f20966ad-ff15-4d2a-bf53-2eb2944b49ea"
              }
            ],
            "network_mode": null,
            "personality": [],
            "power_state": "active",
            "region": "RegionOne",
            "scheduler_hints": [],
            "security_groups": [
              "learn"
            ],
            "stop_before_destroy": false,
            "tags": [],
            "timeouts": null,
            "user_data": "2b7ccc0bab96589017c296ab8555b9badeeccb65",
            "vendor_options": [],
            "volume": []
          },
          "sensitive_attributes": [
            [
              {
                "type": "get_attr",
                "value": "admin_pass"
              }
            ]
          ],
          "private": "eyJlMmJmYjczMC1lY2FhLTExZTYtOGY4OC0zNDM2M2JjN2M0YzAiOnsiY3JlYXRlIjoxODAwMDAwMDAwMDAwLCJkZWxldGUiOjE4MDAwMDAwMDAwMDAsInVwZGF0ZSI6MTgwMDAwMDAwMDAwMH19",
          "dependencies": [
            "data.openstack_dns_zone_v2.rdulinux_zone",
            "data.openstack_dns_zone_v2.reverse_zone",
            "openstack_compute_secgroup_v2.learn"
          ]
        }
      ]
    },
    {
      "mode": "managed",
      "type": "openstack_compute_keypair_v2",
      "name": "learn",
      "provider": "provider[\"registry.terraform.io/terraform-provider-openstack/openstack\"]",
      "instances": [
        {
          "schema_version": 0,
          "attributes": {
            "fingerprint": "5f:fd:f6:53:1e:bb:c9:0d:1a:5c:26:76:9b:64:cf:d3",
            "id": "learn",
            "name": "learn",
            "private_key": "",
            "public_key": "ssh-rsa AAAAB3NzaC1yc2EAAAADAQABAAABgQDeKV3ps+N2C8VEzWnzhRHohoHik850lqveBrfdI5pVKkOvKjtRs5r43E9YmnNHRewkj/2agq8j9RjWXJs2sS6LRGNc0hplHqFypX3P1VPzbAS1BOiKpSZ6M8SSuqNvOxI6ifVp8WejsLbCUKtQ4upqrpDHZ4qkua/pstlevNrMXI1PEvtZFkJx8JyjNeab9e2wvgTSCnBoDACggulvYd/RncT6ywOtYx3kNdzGKa3B0IQRtnzpM+cidKXDDHq01d5jWiOHOYO1YX0Z1piRY9tqGdUapJwoglpDjz2DcgJKTX+VJBf5gs0FJ/ttLHsla+F0OPkA6p15Iav5goU+vGRjCL14dOwi2/8jxV0vOZzzhSzCwcILabFdbHnk5DslyMHUng+zFOI52wCMSHYBjUEg5GE67e0Dq3pOyEwk7MttS23rncYZCT3jARWeqLv1HD94Dr0u2YhGVUWDHdinjJPBoduyCAkDQcgn/k/4SY4P74uzweA42UaN1ibdY+aDbv8= root@openstack\n",
            "region": "RegionOne",
            "value_specs": null
          },
          "sensitive_attributes": [],
          "private": "bnVsbA=="
        }
      ]
    },
    {
      "mode": "managed",
      "type": "openstack_compute_secgroup_v2",
      "name": "learn",
      "provider": "provider[\"registry.terraform.io/terraform-provider-openstack/openstack\"]",
      "instances": [
        {
          "schema_version": 0,
          "attributes": {
            "description": "a security group by terraform",
            "id": "4245b298-3975-4a18-a4aa-d0cffa87caec",
            "name": "learn",
            "region": "RegionOne",
            "rule": [
              {
                "cidr": "0.0.0.0/0",
                "from_group_id": "",
                "from_port": -1,
                "id": "688f1e34-86b7-4169-a171-c0889336ddaf",
                "ip_protocol": "icmp",
                "self": false,
                "to_port": -1
              },
              {
                "cidr": "0.0.0.0/0",
                "from_group_id": "",
                "from_port": 22,
                "id": "3869bea0-33cb-411d-b7c9-5cccc375cf89",
                "ip_protocol": "tcp",
                "self": false,
                "to_port": 22
              }
            ],
            "timeouts": null
          },
          "sensitive_attributes": [],
          "private": "eyJlMmJmYjczMC1lY2FhLTExZTYtOGY4OC0zNDM2M2JjN2M0YzAiOnsiZGVsZXRlIjo2MDAwMDAwMDAwMDB9fQ=="
        }
      ]
    },
    {
      "mode": "managed",
      "type": "openstack_dns_recordset_v2",
      "name": "learn",
      "provider": "provider[\"registry.terraform.io/terraform-provider-openstack/openstack\"]",
      "instances": [
        {
          "index_key": "vm1",
          "schema_version": 0,
          "attributes": {
            "description": "",
            "disable_status_check": false,
            "id": "6f3b126c-78ce-486c-b5b1-235b376aa854/e1f0c08d-a44c-4468-b10e-1b001918c43b",
            "name": "learn.rdulinux.com.",
            "project_id": "e7f72e331ddb4e988f42389e19fb804c",
            "records": [
              "192.168.2.114"
            ],
            "region": "RegionOne",
            "timeouts": null,
            "ttl": 3000,
            "type": "A",
            "value_specs": null,
            "zone_id": "6f3b126c-78ce-486c-b5b1-235b376aa854"
          },
          "sensitive_attributes": [],
          "private": "eyJlMmJmYjczMC1lY2FhLTExZTYtOGY4OC0zNDM2M2JjN2M0YzAiOnsiY3JlYXRlIjo2MDAwMDAwMDAwMDAsImRlbGV0ZSI6NjAwMDAwMDAwMDAwLCJ1cGRhdGUiOjYwMDAwMDAwMDAwMH19",
          "dependencies": [
            "data.openstack_dns_zone_v2.rdulinux_zone",
            "data.openstack_dns_zone_v2.reverse_zone",
            "openstack_compute_floatingip_associate_v2.learn",
            "openstack_compute_instance_v2.learn",
            "openstack_compute_secgroup_v2.learn",
            "openstack_networking_floatingip_v2.learn"
          ]
        }
      ]
    },
    {
      "mode": "managed",
      "type": "openstack_dns_recordset_v2",
      "name": "learnreverse",
      "provider": "provider[\"registry.terraform.io/terraform-provider-openstack/openstack\"]",
      "instances": [
        {
          "index_key": "vm1",
          "schema_version": 0,
          "attributes": {
            "description": "",
            "disable_status_check": false,
            "id": "8dde2647-7d93-4b51-840f-0255306b6652/1b074077-25bb-4f66-8968-7f98b141b374",
            "name": "114.2.168.192.in-addr.arpa.",
            "project_id": "e7f72e331ddb4e988f42389e19fb804c",
            "records": [
              "learn.rdulinux.com."
            ],
            "region": "RegionOne",
            "timeouts": null,
            "ttl": 3000,
            "type": "PTR",
            "value_specs": null,
            "zone_id": "8dde2647-7d93-4b51-840f-0255306b6652"
          },
          "sensitive_attributes": [],
          "private": "eyJlMmJmYjczMC1lY2FhLTExZTYtOGY4OC0zNDM2M2JjN2M0YzAiOnsiY3JlYXRlIjo2MDAwMDAwMDAwMDAsImRlbGV0ZSI6NjAwMDAwMDAwMDAwLCJ1cGRhdGUiOjYwMDAwMDAwMDAwMH19",
          "dependencies": [
            "data.openstack_dns_zone_v2.rdulinux_zone",
            "data.openstack_dns_zone_v2.reverse_zone",
            "openstack_compute_floatingip_associate_v2.learn",
            "openstack_compute_instance_v2.learn",
            "openstack_compute_secgroup_v2.learn",
            "openstack_dns_recordset_v2.learn",
            "openstack_networking_floatingip_v2.learn"
          ]
        }
      ]
    },
    {
      "mode": "managed",
      "type": "openstack_networking_floatingip_v2",
      "name": "learn",
      "provider": "provider[\"registry.terraform.io/terraform-provider-openstack/openstack\"]",
      "instances": [
        {
          "index_key": "vm1",
          "schema_version": 0,
          "attributes": {
            "address": "192.168.2.114",
            "all_tags": [],
            "description": "",
            "dns_domain": "",
            "dns_name": "",
            "fixed_ip": "10.0.1.27",
            "id": "ceee8348-4a04-4f13-9e7b-e0a0ea938a9c",
            "pool": "external_network",
            "port_id": "65dac990-aebe-49a9-b3dd-ce40fd251d1b",
            "region": "RegionOne",
            "subnet_id": null,
            "subnet_ids": null,
            "tags": [],
            "tenant_id": "e7f72e331ddb4e988f42389e19fb804c",
            "timeouts": null,
            "value_specs": null
          },
          "sensitive_attributes": [],
          "private": "eyJlMmJmYjczMC1lY2FhLTExZTYtOGY4OC0zNDM2M2JjN2M0YzAiOnsiY3JlYXRlIjo2MDAwMDAwMDAwMDAsImRlbGV0ZSI6NjAwMDAwMDAwMDAwfX0="
        }
      ]
    }
  ],
  "check_results": null
}
