{
  "version": 4,
  "terraform_version": "1.9.4",
  "serial": 399,
  "lineage": "97727645-adee-7706-f7f0-5ba1bc9bb786",
  "outputs": {},
  "resources": [
    {
      "mode": "data",
      "type": "openstack_dns_zone_v2",
      "name": "rdulinux_zone",
      "provider": "provider[\"registry.terraform.io/terraform-provider-openstack/openstack\"]",
      "instances": [
        {
          "schema_version": 0,
          "attributes": {
            "all_projects": null,
            "attributes": {},
            "created_at": "2024-08-19T04:49:01Z",
            "description": "",
            "email": "openstack@rdulinux.com",
            "id": "6f3b126c-78ce-486c-b5b1-235b376aa854",
            "masters": [],
            "name": "rdulinux.com.",
            "pool_id": "794ccc2c-d751-44fe-b57f-8894c9f5c842",
            "project_id": "e7f72e331ddb4e988f42389e19fb804c",
            "region": "RegionOne",
            "serial": 1754395205,
            "status": "ACTIVE",
            "transferred_at": "0001-01-01T00:00:00Z",
            "ttl": 6000,
            "type": "PRIMARY",
            "updated_at": "2025-08-05T12:00:10Z",
            "version": 210
          },
          "sensitive_attributes": []
        }
      ]
    },
    {
      "mode": "data",
      "type": "openstack_dns_zone_v2",
      "name": "reverse_zone",
      "provider": "provider[\"registry.terraform.io/terraform-provider-openstack/openstack\"]",
      "instances": [
        {
          "schema_version": 0,
          "attributes": {
            "all_projects": null,
            "attributes": {},
            "created_at": "2024-08-19T04:49:01Z",
            "description": "",
            "email": "openstack@rdulinux.com",
            "id": "8dde2647-7d93-4b51-840f-0255306b6652",
            "masters": [],
            "name": "2.168.192.in-addr.arpa.",
            "pool_id": "794ccc2c-d751-44fe-b57f-8894c9f5c842",
            "project_id": "e7f72e331ddb4e988f42389e19fb804c",
            "region": "RegionOne",
            "serial": 1754395217,
            "status": "ACTIVE",
            "transferred_at": "0001-01-01T00:00:00Z",
            "ttl": 6000,
            "type": "PRIMARY",
            "updated_at": "2025-08-05T12:00:22Z",
            "version": 188
          },
          "sensitive_attributes": []
        }
      ]
    },
    {
      "mode": "managed",
      "type": "openstack_compute_floatingip_associate_v2",
      "name": "puppet",
      "provider": "provider[\"registry.terraform.io/terraform-provider-openstack/openstack\"]",
      "instances": [
        {
          "index_key": "vm1",
          "schema_version": 0,
          "attributes": {
            "fixed_ip": "",
            "floating_ip": "192.168.2.110",
            "id": "192.168.2.110/61bc79b8-1342-4b8a-be10-92e613ef1b39/",
            "instance_id": "61bc79b8-1342-4b8a-be10-92e613ef1b39",
            "region": "RegionOne",
            "timeouts": null,
            "wait_until_associated": null
          },
          "sensitive_attributes": [],
          "private": "eyJlMmJmYjczMC1lY2FhLTExZTYtOGY4OC0zNDM2M2JjN2M0YzAiOnsiY3JlYXRlIjo2MDAwMDAwMDAwMDB9fQ==",
          "dependencies": [
            "data.openstack_dns_zone_v2.rdulinux_zone",
            "data.openstack_dns_zone_v2.reverse_zone",
            "openstack_compute_instance_v2.puppet",
            "openstack_compute_secgroup_v2.puppet",
            "openstack_networking_floatingip_v2.puppet"
          ]
        }
      ]
    },
    {
      "mode": "managed",
      "type": "openstack_compute_instance_v2",
      "name": "puppet",
      "provider": "provider[\"registry.terraform.io/terraform-provider-openstack/openstack\"]",
      "instances": [
        {
          "index_key": "vm1",
          "schema_version": 0,
          "attributes": {
            "access_ip_v4": "10.0.1.243",
            "access_ip_v6": "",
            "admin_pass": null,
            "all_metadata": {},
            "all_tags": [],
            "availability_zone": "nova",
            "availability_zone_hints": null,
            "block_device": [],
            "config_drive": null,
            "flavor_id": "3",
            "flavor_name": "m1.medium",
            "floating_ip": null,
            "force_delete": false,
            "id": "61bc79b8-1342-4b8a-be10-92e613ef1b39",
            "image_id": "4292dfde-0431-4764-aedf-e5b04619f607",
            "image_name": "ubuntu2204",
            "key_pair": "puppet",
            "metadata": null,
            "name": "puppet",
            "network": [
              {
                "access_network": false,
                "fixed_ip_v4": "10.0.1.243",
                "fixed_ip_v6": "",
                "floating_ip": "",
                "mac": "fa:16:3e:e2:ce:84",
                "name": "private_network",
                "port": "",
                "uuid": "f20966ad-ff15-4d2a-bf53-2eb2944b49ea"
              }
            ],
            "network_mode": null,
            "personality": [],
            "power_state": "active",
            "region": "RegionOne",
            "scheduler_hints": [],
            "security_groups": [
              "puppet"
            ],
            "stop_before_destroy": false,
            "tags": [],
            "timeouts": null,
            "user_data": "123ebbf08505c6e04d4af8ea045a0db6cd542ecc",
            "vendor_options": [],
            "volume": []
          },
          "sensitive_attributes": [
            [
              {
                "type": "get_attr",
                "value": "admin_pass"
              }
            ]
          ],
          "private": "eyJlMmJmYjczMC1lY2FhLTExZTYtOGY4OC0zNDM2M2JjN2M0YzAiOnsiY3JlYXRlIjoxODAwMDAwMDAwMDAwLCJkZWxldGUiOjE4MDAwMDAwMDAwMDAsInVwZGF0ZSI6MTgwMDAwMDAwMDAwMH19",
          "dependencies": [
            "data.openstack_dns_zone_v2.rdulinux_zone",
            "data.openstack_dns_zone_v2.reverse_zone",
            "openstack_compute_secgroup_v2.puppet"
          ]
        }
      ]
    },
    {
      "mode": "managed",
      "type": "openstack_compute_keypair_v2",
      "name": "puppet",
      "provider": "provider[\"registry.terraform.io/terraform-provider-openstack/openstack\"]",
      "instances": [
        {
          "schema_version": 0,
          "attributes": {
            "fingerprint": "5f:fd:f6:53:1e:bb:c9:0d:1a:5c:26:76:9b:64:cf:d3",
            "id": "puppet",
            "name": "puppet",
            "private_key": "",
            "public_key": "ssh-rsa AAAAB3NzaC1yc2EAAAADAQABAAABgQDeKV3ps+N2C8VEzWnzhRHohoHik850lqveBrfdI5pVKkOvKjtRs5r43E9YmnNHRewkj/2agq8j9RjWXJs2sS6LRGNc0hplHqFypX3P1VPzbAS1BOiKpSZ6M8SSuqNvOxI6ifVp8WejsLbCUKtQ4upqrpDHZ4qkua/pstlevNrMXI1PEvtZFkJx8JyjNeab9e2wvgTSCnBoDACggulvYd/RncT6ywOtYx3kNdzGKa3B0IQRtnzpM+cidKXDDHq01d5jWiOHOYO1YX0Z1piRY9tqGdUapJwoglpDjz2DcgJKTX+VJBf5gs0FJ/ttLHsla+F0OPkA6p15Iav5goU+vGRjCL14dOwi2/8jxV0vOZzzhSzCwcILabFdbHnk5DslyMHUng+zFOI52wCMSHYBjUEg5GE67e0Dq3pOyEwk7MttS23rncYZCT3jARWeqLv1HD94Dr0u2YhGVUWDHdinjJPBoduyCAkDQcgn/k/4SY4P74uzweA42UaN1ibdY+aDbv8= root@openstack\n",
            "region": "RegionOne",
            "value_specs": null
          },
          "sensitive_attributes": [],
          "private": "bnVsbA=="
        }
      ]
    },
    {
      "mode": "managed",
      "type": "openstack_compute_secgroup_v2",
      "name": "puppet",
      "provider": "provider[\"registry.terraform.io/terraform-provider-openstack/openstack\"]",
      "instances": [
        {
          "schema_version": 0,
          "attributes": {
            "description": "a security group by terraform",
            "id": "35516121-e5a6-4c3c-ba83-58ad6db0f49c",
            "name": "puppet",
            "region": "RegionOne",
            "rule": [
              {
                "cidr": "0.0.0.0/0",
                "from_group_id": "",
                "from_port": -1,
                "id": "d7c492d4-c007-4ece-ada5-2eb3380357f7",
                "ip_protocol": "icmp",
                "self": false,
                "to_port": -1
              },
              {
                "cidr": "0.0.0.0/0",
                "from_group_id": "",
                "from_port": 2049,
                "id": "bfb453aa-6452-4eb8-863b-e843ba54ac0b",
                "ip_protocol": "tcp",
                "self": false,
                "to_port": 2049
              },
              {
                "cidr": "0.0.0.0/0",
                "from_group_id": "",
                "from_port": 22,
                "id": "55a4a187-b2dc-422b-abc6-8ba574e08bc7",
                "ip_protocol": "tcp",
                "self": false,
                "to_port": 22
              },
              {
                "cidr": "0.0.0.0/0",
                "from_group_id": "",
                "from_port": 8140,
                "id": "b8da2b88-e651-47b3-b524-77bb4b93a82b",
                "ip_protocol": "tcp",
                "self": false,
                "to_port": 8140
              }
            ],
            "timeouts": null
          },
          "sensitive_attributes": [],
          "private": "eyJlMmJmYjczMC1lY2FhLTExZTYtOGY4OC0zNDM2M2JjN2M0YzAiOnsiZGVsZXRlIjo2MDAwMDAwMDAwMDB9fQ=="
        }
      ]
    },
    {
      "mode": "managed",
      "type": "openstack_dns_recordset_v2",
      "name": "puppet",
      "provider": "provider[\"registry.terraform.io/terraform-provider-openstack/openstack\"]",
      "instances": [
        {
          "index_key": "vm1",
          "schema_version": 0,
          "attributes": {
            "description": "",
            "disable_status_check": false,
            "id": "6f3b126c-78ce-486c-b5b1-235b376aa854/52c00c59-c1d2-420f-8216-79e6400fd7e8",
            "name": "puppet.rdulinux.com.",
            "project_id": "e7f72e331ddb4e988f42389e19fb804c",
            "records": [
              "192.168.2.110"
            ],
            "region": "RegionOne",
            "timeouts": null,
            "ttl": 3000,
            "type": "A",
            "value_specs": null,
            "zone_id": "6f3b126c-78ce-486c-b5b1-235b376aa854"
          },
          "sensitive_attributes": [],
          "private": "eyJlMmJmYjczMC1lY2FhLTExZTYtOGY4OC0zNDM2M2JjN2M0YzAiOnsiY3JlYXRlIjo2MDAwMDAwMDAwMDAsImRlbGV0ZSI6NjAwMDAwMDAwMDAwLCJ1cGRhdGUiOjYwMDAwMDAwMDAwMH19",
          "dependencies": [
            "data.openstack_dns_zone_v2.rdulinux_zone",
            "data.openstack_dns_zone_v2.reverse_zone",
            "openstack_compute_floatingip_associate_v2.puppet",
            "openstack_compute_instance_v2.puppet",
            "openstack_compute_secgroup_v2.puppet",
            "openstack_networking_floatingip_v2.puppet"
          ]
        }
      ]
    },
    {
      "mode": "managed",
      "type": "openstack_dns_recordset_v2",
      "name": "puppetreverse",
      "provider": "provider[\"registry.terraform.io/terraform-provider-openstack/openstack\"]",
      "instances": [
        {
          "index_key": "vm1",
          "schema_version": 0,
          "attributes": {
            "description": "",
            "disable_status_check": false,
            "id": "8dde2647-7d93-4b51-840f-0255306b6652/f675d963-3c38-4010-a778-36d63b5d26a1",
            "name": "110.2.168.192.in-addr.arpa.",
            "project_id": "e7f72e331ddb4e988f42389e19fb804c",
            "records": [
              "puppet.rdulinux.com."
            ],
            "region": "RegionOne",
            "timeouts": null,
            "ttl": 3000,
            "type": "PTR",
            "value_specs": null,
            "zone_id": "8dde2647-7d93-4b51-840f-0255306b6652"
          },
          "sensitive_attributes": [],
          "private": "eyJlMmJmYjczMC1lY2FhLTExZTYtOGY4OC0zNDM2M2JjN2M0YzAiOnsiY3JlYXRlIjo2MDAwMDAwMDAwMDAsImRlbGV0ZSI6NjAwMDAwMDAwMDAwLCJ1cGRhdGUiOjYwMDAwMDAwMDAwMH19",
          "dependencies": [
            "data.openstack_dns_zone_v2.rdulinux_zone",
            "data.openstack_dns_zone_v2.reverse_zone",
            "openstack_compute_floatingip_associate_v2.puppet",
            "openstack_compute_instance_v2.puppet",
            "openstack_compute_secgroup_v2.puppet",
            "openstack_dns_recordset_v2.puppet",
            "openstack_networking_floatingip_v2.puppet"
          ]
        }
      ]
    },
    {
      "mode": "managed",
      "type": "openstack_networking_floatingip_v2",
      "name": "puppet",
      "provider": "provider[\"registry.terraform.io/terraform-provider-openstack/openstack\"]",
      "instances": [
        {
          "index_key": "vm1",
          "schema_version": 0,
          "attributes": {
            "address": "192.168.2.110",
            "all_tags": [],
            "description": "",
            "dns_domain": "",
            "dns_name": "",
            "fixed_ip": "10.0.1.243",
            "id": "585df4be-086e-4d43-98a7-80c77e92e3cb",
            "pool": "external_network",
            "port_id": "c15b8a3d-ebcc-401d-a66c-8c31323ed73f",
            "region": "RegionOne",
            "subnet_id": null,
            "subnet_ids": null,
            "tags": [],
            "tenant_id": "e7f72e331ddb4e988f42389e19fb804c",
            "timeouts": null,
            "value_specs": null
          },
          "sensitive_attributes": [],
          "private": "eyJlMmJmYjczMC1lY2FhLTExZTYtOGY4OC0zNDM2M2JjN2M0YzAiOnsiY3JlYXRlIjo2MDAwMDAwMDAwMDAsImRlbGV0ZSI6NjAwMDAwMDAwMDAwfX0="
        }
      ]
    }
  ],
  "check_results": null
}
